// !$*UTF8*$!
{
	archiveVersion = 1;
	classes = {
	};
	objectVersion = 56;
	objects = {

/* Begin PBXBuildFile section */
		22106CD02B2A95300090F25B /* AuthenticationViewModel.swift in Sources */ = {isa = PBXBuildFile; fileRef = 22106CCF2B2A95300090F25B /* AuthenticationViewModel.swift */; };
		22106CD22B2A9DC40090F25B /* GoogleSignInButton.swift in Sources */ = {isa = PBXBuildFile; fileRef = 22106CD12B2A9DC40090F25B /* GoogleSignInButton.swift */; };
		22259F102B2A8E5A00C4BF84 /* FirebaseAnalyticsOnDeviceConversion in Frameworks */ = {isa = PBXBuildFile; productRef = 22259F0F2B2A8E5A00C4BF84 /* FirebaseAnalyticsOnDeviceConversion */; };
		22259F122B2A8E5A00C4BF84 /* FirebaseAnalyticsSwift in Frameworks */ = {isa = PBXBuildFile; productRef = 22259F112B2A8E5A00C4BF84 /* FirebaseAnalyticsSwift */; };
		22259F162B2A8E5A00C4BF84 /* FirebaseAppCheck in Frameworks */ = {isa = PBXBuildFile; productRef = 22259F152B2A8E5A00C4BF84 /* FirebaseAppCheck */; };
		22259F182B2A8E5A00C4BF84 /* FirebaseAppDistribution-Beta in Frameworks */ = {isa = PBXBuildFile; productRef = 22259F172B2A8E5A00C4BF84 /* FirebaseAppDistribution-Beta */; };
		22259F1A2B2A8E5A00C4BF84 /* FirebaseAuth in Frameworks */ = {isa = PBXBuildFile; productRef = 22259F192B2A8E5A00C4BF84 /* FirebaseAuth */; };
		22259F1C2B2A8E5A00C4BF84 /* FirebaseAuthCombine-Community in Frameworks */ = {isa = PBXBuildFile; productRef = 22259F1B2B2A8E5A00C4BF84 /* FirebaseAuthCombine-Community */; };
		22259F1E2B2A8E5A00C4BF84 /* FirebaseCrashlytics in Frameworks */ = {isa = PBXBuildFile; productRef = 22259F1D2B2A8E5A00C4BF84 /* FirebaseCrashlytics */; };
		22259F202B2A8E5A00C4BF84 /* FirebaseDatabase in Frameworks */ = {isa = PBXBuildFile; productRef = 22259F1F2B2A8E5A00C4BF84 /* FirebaseDatabase */; };
		22259F222B2A8E5A00C4BF84 /* FirebaseDatabaseSwift in Frameworks */ = {isa = PBXBuildFile; productRef = 22259F212B2A8E5A00C4BF84 /* FirebaseDatabaseSwift */; };
		22259F242B2A8E5A00C4BF84 /* FirebaseDynamicLinks in Frameworks */ = {isa = PBXBuildFile; productRef = 22259F232B2A8E5A00C4BF84 /* FirebaseDynamicLinks */; };
		22259F262B2A8E5A00C4BF84 /* FirebaseFirestore in Frameworks */ = {isa = PBXBuildFile; productRef = 22259F252B2A8E5A00C4BF84 /* FirebaseFirestore */; };
		22259F282B2A8E5A00C4BF84 /* FirebaseFirestoreCombine-Community in Frameworks */ = {isa = PBXBuildFile; productRef = 22259F272B2A8E5A00C4BF84 /* FirebaseFirestoreCombine-Community */; };
		22259F2A2B2A8E5A00C4BF84 /* FirebaseFirestoreSwift in Frameworks */ = {isa = PBXBuildFile; productRef = 22259F292B2A8E5A00C4BF84 /* FirebaseFirestoreSwift */; };
		22259F2C2B2A8E5A00C4BF84 /* FirebaseFunctions in Frameworks */ = {isa = PBXBuildFile; productRef = 22259F2B2B2A8E5A00C4BF84 /* FirebaseFunctions */; };
		22259F2E2B2A8E5A00C4BF84 /* FirebaseFunctionsCombine-Community in Frameworks */ = {isa = PBXBuildFile; productRef = 22259F2D2B2A8E5A00C4BF84 /* FirebaseFunctionsCombine-Community */; };
		22259F302B2A8E5A00C4BF84 /* FirebaseInAppMessaging-Beta in Frameworks */ = {isa = PBXBuildFile; productRef = 22259F2F2B2A8E5A00C4BF84 /* FirebaseInAppMessaging-Beta */; };
		22259F322B2A8E5A00C4BF84 /* FirebaseInAppMessagingSwift-Beta in Frameworks */ = {isa = PBXBuildFile; productRef = 22259F312B2A8E5A00C4BF84 /* FirebaseInAppMessagingSwift-Beta */; };
		22259F342B2A8E5A00C4BF84 /* FirebaseInstallations in Frameworks */ = {isa = PBXBuildFile; productRef = 22259F332B2A8E5A00C4BF84 /* FirebaseInstallations */; };
		22259F362B2A8E5A00C4BF84 /* FirebaseMLModelDownloader in Frameworks */ = {isa = PBXBuildFile; productRef = 22259F352B2A8E5A00C4BF84 /* FirebaseMLModelDownloader */; };
		22259F382B2A8E5A00C4BF84 /* FirebaseMessaging in Frameworks */ = {isa = PBXBuildFile; productRef = 22259F372B2A8E5A00C4BF84 /* FirebaseMessaging */; };
		22259F3A2B2A8E5A00C4BF84 /* FirebasePerformance in Frameworks */ = {isa = PBXBuildFile; productRef = 22259F392B2A8E5A00C4BF84 /* FirebasePerformance */; };
		22259F3C2B2A8E5A00C4BF84 /* FirebaseRemoteConfig in Frameworks */ = {isa = PBXBuildFile; productRef = 22259F3B2B2A8E5A00C4BF84 /* FirebaseRemoteConfig */; };
		22259F3E2B2A8E5A00C4BF84 /* FirebaseRemoteConfigSwift in Frameworks */ = {isa = PBXBuildFile; productRef = 22259F3D2B2A8E5A00C4BF84 /* FirebaseRemoteConfigSwift */; };
		22259F402B2A8E5A00C4BF84 /* FirebaseStorage in Frameworks */ = {isa = PBXBuildFile; productRef = 22259F3F2B2A8E5A00C4BF84 /* FirebaseStorage */; };
		22259F422B2A8E5A00C4BF84 /* FirebaseStorageCombine-Community in Frameworks */ = {isa = PBXBuildFile; productRef = 22259F412B2A8E5A00C4BF84 /* FirebaseStorageCombine-Community */; };
		22259F452B2A8ED300C4BF84 /* GoogleSignIn in Frameworks */ = {isa = PBXBuildFile; productRef = 22259F442B2A8ED300C4BF84 /* GoogleSignIn */; };
		22259F472B2A8ED300C4BF84 /* GoogleSignInSwift in Frameworks */ = {isa = PBXBuildFile; productRef = 22259F462B2A8ED300C4BF84 /* GoogleSignInSwift */; };
		22259F4B2B2A90CF00C4BF84 /* FirebaseAnalytics in Frameworks */ = {isa = PBXBuildFile; productRef = 22259F4A2B2A90CF00C4BF84 /* FirebaseAnalytics */; };
		22259F4D2B2A90CF00C4BF84 /* FirebaseAnalyticsOnDeviceConversion in Frameworks */ = {isa = PBXBuildFile; productRef = 22259F4C2B2A90CF00C4BF84 /* FirebaseAnalyticsOnDeviceConversion */; };
		22259F4F2B2A90CF00C4BF84 /* FirebaseAnalyticsSwift in Frameworks */ = {isa = PBXBuildFile; productRef = 22259F4E2B2A90CF00C4BF84 /* FirebaseAnalyticsSwift */; };
		22259F512B2A90CF00C4BF84 /* FirebaseAnalyticsWithoutAdIdSupport in Frameworks */ = {isa = PBXBuildFile; productRef = 22259F502B2A90CF00C4BF84 /* FirebaseAnalyticsWithoutAdIdSupport */; };
		22259F532B2A90CF00C4BF84 /* FirebaseAppCheck in Frameworks */ = {isa = PBXBuildFile; productRef = 22259F522B2A90CF00C4BF84 /* FirebaseAppCheck */; };
		22259F552B2A90CF00C4BF84 /* FirebaseAppDistribution-Beta in Frameworks */ = {isa = PBXBuildFile; productRef = 22259F542B2A90CF00C4BF84 /* FirebaseAppDistribution-Beta */; };
		22259F572B2A90CF00C4BF84 /* FirebaseAuth in Frameworks */ = {isa = PBXBuildFile; productRef = 22259F562B2A90CF00C4BF84 /* FirebaseAuth */; };
		22259F592B2A90CF00C4BF84 /* FirebaseAuthCombine-Community in Frameworks */ = {isa = PBXBuildFile; productRef = 22259F582B2A90CF00C4BF84 /* FirebaseAuthCombine-Community */; };
		22259F5B2B2A90CF00C4BF84 /* FirebaseCrashlytics in Frameworks */ = {isa = PBXBuildFile; productRef = 22259F5A2B2A90CF00C4BF84 /* FirebaseCrashlytics */; };
		22259F5D2B2A90CF00C4BF84 /* FirebaseDatabase in Frameworks */ = {isa = PBXBuildFile; productRef = 22259F5C2B2A90CF00C4BF84 /* FirebaseDatabase */; };
		22259F5F2B2A90CF00C4BF84 /* FirebaseDatabaseSwift in Frameworks */ = {isa = PBXBuildFile; productRef = 22259F5E2B2A90CF00C4BF84 /* FirebaseDatabaseSwift */; };
		22259F612B2A90CF00C4BF84 /* FirebaseDynamicLinks in Frameworks */ = {isa = PBXBuildFile; productRef = 22259F602B2A90CF00C4BF84 /* FirebaseDynamicLinks */; };
		22259F632B2A90CF00C4BF84 /* FirebaseFirestore in Frameworks */ = {isa = PBXBuildFile; productRef = 22259F622B2A90CF00C4BF84 /* FirebaseFirestore */; };
		22259F652B2A90CF00C4BF84 /* FirebaseFirestoreCombine-Community in Frameworks */ = {isa = PBXBuildFile; productRef = 22259F642B2A90CF00C4BF84 /* FirebaseFirestoreCombine-Community */; };
		22259F672B2A90CF00C4BF84 /* FirebaseFirestoreSwift in Frameworks */ = {isa = PBXBuildFile; productRef = 22259F662B2A90CF00C4BF84 /* FirebaseFirestoreSwift */; };
		22259F692B2A90CF00C4BF84 /* FirebaseFunctions in Frameworks */ = {isa = PBXBuildFile; productRef = 22259F682B2A90CF00C4BF84 /* FirebaseFunctions */; };
		22259F6B2B2A90CF00C4BF84 /* FirebaseFunctionsCombine-Community in Frameworks */ = {isa = PBXBuildFile; productRef = 22259F6A2B2A90CF00C4BF84 /* FirebaseFunctionsCombine-Community */; };
		22259F6D2B2A90CF00C4BF84 /* FirebaseInAppMessaging-Beta in Frameworks */ = {isa = PBXBuildFile; productRef = 22259F6C2B2A90CF00C4BF84 /* FirebaseInAppMessaging-Beta */; };
		22259F6F2B2A90CF00C4BF84 /* FirebaseInAppMessagingSwift-Beta in Frameworks */ = {isa = PBXBuildFile; productRef = 22259F6E2B2A90CF00C4BF84 /* FirebaseInAppMessagingSwift-Beta */; };
		22259F712B2A90CF00C4BF84 /* FirebaseInstallations in Frameworks */ = {isa = PBXBuildFile; productRef = 22259F702B2A90CF00C4BF84 /* FirebaseInstallations */; };
		22259F732B2A90CF00C4BF84 /* FirebaseMLModelDownloader in Frameworks */ = {isa = PBXBuildFile; productRef = 22259F722B2A90CF00C4BF84 /* FirebaseMLModelDownloader */; };
		22259F752B2A90CF00C4BF84 /* FirebaseMessaging in Frameworks */ = {isa = PBXBuildFile; productRef = 22259F742B2A90CF00C4BF84 /* FirebaseMessaging */; };
		22259F772B2A90CF00C4BF84 /* FirebasePerformance in Frameworks */ = {isa = PBXBuildFile; productRef = 22259F762B2A90CF00C4BF84 /* FirebasePerformance */; };
		22259F792B2A90CF00C4BF84 /* FirebaseRemoteConfig in Frameworks */ = {isa = PBXBuildFile; productRef = 22259F782B2A90CF00C4BF84 /* FirebaseRemoteConfig */; };
		22259F7B2B2A90CF00C4BF84 /* FirebaseRemoteConfigSwift in Frameworks */ = {isa = PBXBuildFile; productRef = 22259F7A2B2A90CF00C4BF84 /* FirebaseRemoteConfigSwift */; };
		22259F7D2B2A90CF00C4BF84 /* FirebaseStorage in Frameworks */ = {isa = PBXBuildFile; productRef = 22259F7C2B2A90CF00C4BF84 /* FirebaseStorage */; };
		22259F7F2B2A90CF00C4BF84 /* FirebaseStorageCombine-Community in Frameworks */ = {isa = PBXBuildFile; productRef = 22259F7E2B2A90CF00C4BF84 /* FirebaseStorageCombine-Community */; };
		22259F852B2A90F600C4BF84 /* FirebaseAnalyticsSwift in Frameworks */ = {isa = PBXBuildFile; productRef = 22259F842B2A90F600C4BF84 /* FirebaseAnalyticsSwift */; };
		22259F872B2A90F600C4BF84 /* FirebaseAnalyticsWithoutAdIdSupport in Frameworks */ = {isa = PBXBuildFile; productRef = 22259F862B2A90F600C4BF84 /* FirebaseAnalyticsWithoutAdIdSupport */; };
		22259F892B2A90F600C4BF84 /* FirebaseAppCheck in Frameworks */ = {isa = PBXBuildFile; productRef = 22259F882B2A90F600C4BF84 /* FirebaseAppCheck */; };
		22259F8D2B2A92AB00C4BF84 /* GoogleService-Info.plist in Resources */ = {isa = PBXBuildFile; fileRef = 22259F8C2B2A92AB00C4BF84 /* GoogleService-Info.plist */; };
		222A8FD52B27DDA700A55B65 /* RoundedCorners.swift in Sources */ = {isa = PBXBuildFile; fileRef = 222A8FD42B27DDA700A55B65 /* RoundedCorners.swift */; };
		222A8FD82B27E42A00A55B65 /* ApiRecipeToRecipeMapper.swift in Sources */ = {isa = PBXBuildFile; fileRef = 222A8FD72B27E42A00A55B65 /* ApiRecipeToRecipeMapper.swift */; };
		222A95BA2B0D6FBD00E2AAD5 /* CategoryItemView.swift in Sources */ = {isa = PBXBuildFile; fileRef = 222A95B92B0D6FBD00E2AAD5 /* CategoryItemView.swift */; };
		222A95BD2B0D70E700E2AAD5 /* MealsByCategoryView.swift in Sources */ = {isa = PBXBuildFile; fileRef = 222A95BC2B0D70E700E2AAD5 /* MealsByCategoryView.swift */; };
		222A95C02B0D72FA00E2AAD5 /* Kingfisher in Frameworks */ = {isa = PBXBuildFile; productRef = 222A95BF2B0D72FA00E2AAD5 /* Kingfisher */; };
		222A95C22B0D731700E2AAD5 /* Kingfisher in Frameworks */ = {isa = PBXBuildFile; productRef = 222A95C12B0D731700E2AAD5 /* Kingfisher */; };
		222A95C42B0D739500E2AAD5 /* Kingfisher in Frameworks */ = {isa = PBXBuildFile; productRef = 222A95C32B0D739500E2AAD5 /* Kingfisher */; };
		222A95C82B0D745000E2AAD5 /* Kingfisher in Frameworks */ = {isa = PBXBuildFile; productRef = 222A95C72B0D745000E2AAD5 /* Kingfisher */; };
		222A95CB2B0D753500E2AAD5 /* Kingfisher in Frameworks */ = {isa = PBXBuildFile; productRef = 222A95CA2B0D753500E2AAD5 /* Kingfisher */; };
		222A95D42B0EB9D500E2AAD5 /* MealsByCategoryViewModel.swift in Sources */ = {isa = PBXBuildFile; fileRef = 222A95D32B0EB9D500E2AAD5 /* MealsByCategoryViewModel.swift */; };
		222A95D62B0EBB6D00E2AAD5 /* ApiMeal.swift in Sources */ = {isa = PBXBuildFile; fileRef = 222A95D52B0EBB6D00E2AAD5 /* ApiMeal.swift */; };
		222A95D82B0EBBB100E2AAD5 /* ApiRecipe.swift in Sources */ = {isa = PBXBuildFile; fileRef = 222A95D72B0EBBB100E2AAD5 /* ApiRecipe.swift */; };
		222A95DB2B0EBEA300E2AAD5 /* GetMealsByCategoryUseCase.swift in Sources */ = {isa = PBXBuildFile; fileRef = 222A95DA2B0EBEA300E2AAD5 /* GetMealsByCategoryUseCase.swift */; };
		222A95DD2B0EC0E800E2AAD5 /* MealsByCategoryRepository.swift in Sources */ = {isa = PBXBuildFile; fileRef = 222A95DC2B0EC0E800E2AAD5 /* MealsByCategoryRepository.swift */; };
		222A95DF2B0EC32400E2AAD5 /* MealsByCategoryRemoteService.swift in Sources */ = {isa = PBXBuildFile; fileRef = 222A95DE2B0EC32400E2AAD5 /* MealsByCategoryRemoteService.swift */; };
		222A95E12B0EC72A00E2AAD5 /* MealItemView.swift in Sources */ = {isa = PBXBuildFile; fileRef = 222A95E02B0EC72A00E2AAD5 /* MealItemView.swift */; };
		222A95E82B0ECDAA00E2AAD5 /* RecipesRemoteService.swift in Sources */ = {isa = PBXBuildFile; fileRef = 222A95E72B0ECDAA00E2AAD5 /* RecipesRemoteService.swift */; };
		222A95EA2B0ECE6C00E2AAD5 /* RecipesRepository.swift in Sources */ = {isa = PBXBuildFile; fileRef = 222A95E92B0ECE6C00E2AAD5 /* RecipesRepository.swift */; };
		222A95EC2B0ECF2600E2AAD5 /* GetRecipeUseCase.swift in Sources */ = {isa = PBXBuildFile; fileRef = 222A95EB2B0ECF2600E2AAD5 /* GetRecipeUseCase.swift */; };
		2262B7A42B38494E0008B17E /* UserFavoritesView.swift in Sources */ = {isa = PBXBuildFile; fileRef = 2262B7A32B38494E0008B17E /* UserFavoritesView.swift */; };
		2262B7A62B385E3B0008B17E /* Meal.swift in Sources */ = {isa = PBXBuildFile; fileRef = 2262B7A52B385E3B0008B17E /* Meal.swift */; };
		2262B7A82B385E5E0008B17E /* ApiMealToMealMapper.swift in Sources */ = {isa = PBXBuildFile; fileRef = 2262B7A72B385E5E0008B17E /* ApiMealToMealMapper.swift */; };
		2262B7AA2B3879D60008B17E /* meal_placeholder.png in Resources */ = {isa = PBXBuildFile; fileRef = 2262B7A92B3879D60008B17E /* meal_placeholder.png */; };
		22728F232B36515100C3916E /* UserMainView.swift in Sources */ = {isa = PBXBuildFile; fileRef = 22728F222B36515100C3916E /* UserMainView.swift */; };
		22728F252B378C0700C3916E /* UserFavoritesViewModel.swift in Sources */ = {isa = PBXBuildFile; fileRef = 22728F242B378C0700C3916E /* UserFavoritesViewModel.swift */; };
		22728F2C2B37C3A900C3916E /* UserNetworkImage.swift in Sources */ = {isa = PBXBuildFile; fileRef = 22728F2B2B37C3A900C3916E /* UserNetworkImage.swift */; };
		22728F2F2B37C4D700C3916E /* PhotoGalleryView.swift in Sources */ = {isa = PBXBuildFile; fileRef = 22728F2E2B37C4D700C3916E /* PhotoGalleryView.swift */; };
		22728F332B37C64D00C3916E /* PhotoGalleryViewModel.swift in Sources */ = {isa = PBXBuildFile; fileRef = 22728F322B37C64D00C3916E /* PhotoGalleryViewModel.swift */; };
		22728F382B37CF2800C3916E /* StorageManager.swift in Sources */ = {isa = PBXBuildFile; fileRef = 22728F372B37CF2800C3916E /* StorageManager.swift */; };
		227930502B2B72F0006C9EDA /* CheckboxToggleStyle.swift in Sources */ = {isa = PBXBuildFile; fileRef = 2279304F2B2B72F0006C9EDA /* CheckboxToggleStyle.swift */; };
		228D52EC2B1F9DAC00C45BC9 /* Lottie in Frameworks */ = {isa = PBXBuildFile; productRef = 228D52EB2B1F9DAC00C45BC9 /* Lottie */; };
		228D52F22B1FA03900C45BC9 /* LottieView.swift in Sources */ = {isa = PBXBuildFile; fileRef = 228D52F12B1FA03900C45BC9 /* LottieView.swift */; };
		228D52F42B1FA26900C45BC9 /* lottie_animation.json in Resources */ = {isa = PBXBuildFile; fileRef = 228D52F32B1FA26900C45BC9 /* lottie_animation.json */; };
		228D52F72B1FA40D00C45BC9 /* SplashView.swift in Sources */ = {isa = PBXBuildFile; fileRef = 228D52F62B1FA40D00C45BC9 /* SplashView.swift */; };
		228D52FA2B21509400C45BC9 /* NetworkConstants.swift in Sources */ = {isa = PBXBuildFile; fileRef = 228D52F92B21509400C45BC9 /* NetworkConstants.swift */; };
		228D52FF2B224E8600C45BC9 /* CategoriesResponse.swift in Sources */ = {isa = PBXBuildFile; fileRef = 228D52FE2B224E8600C45BC9 /* CategoriesResponse.swift */; };
		228D53012B22827600C45BC9 /* MealsResponse.swift in Sources */ = {isa = PBXBuildFile; fileRef = 228D53002B22827600C45BC9 /* MealsResponse.swift */; };
		228D53032B2282F800C45BC9 /* RecipeResponse.swift in Sources */ = {isa = PBXBuildFile; fileRef = 228D53022B2282F800C45BC9 /* RecipeResponse.swift */; };
		228D53052B228B8700C45BC9 /* RecipesView.swift in Sources */ = {isa = PBXBuildFile; fileRef = 228D53042B228B8700C45BC9 /* RecipesView.swift */; };
		228D53072B228B9C00C45BC9 /* RecipesViewModel.swift in Sources */ = {isa = PBXBuildFile; fileRef = 228D53062B228B9C00C45BC9 /* RecipesViewModel.swift */; };
		22A027B12B2BE0CC00F44C68 /* MainView.swift in Sources */ = {isa = PBXBuildFile; fileRef = 22A027B02B2BE0CC00F44C68 /* MainView.swift */; };
		22A027B42B32707F00F44C68 /* YouTubePlayerKit in Frameworks */ = {isa = PBXBuildFile; productRef = 22A027B32B32707F00F44C68 /* YouTubePlayerKit */; };
		22A76EB72B03E55D0055A36D /* LovecookApp.swift in Sources */ = {isa = PBXBuildFile; fileRef = 22A76EB62B03E55D0055A36D /* LovecookApp.swift */; };
		22A76EB92B03E55D0055A36D /* ContentView.swift in Sources */ = {isa = PBXBuildFile; fileRef = 22A76EB82B03E55D0055A36D /* ContentView.swift */; };
		22A76EBB2B03E55E0055A36D /* Assets.xcassets in Resources */ = {isa = PBXBuildFile; fileRef = 22A76EBA2B03E55E0055A36D /* Assets.xcassets */; };
		22A76EBE2B03E55E0055A36D /* Preview Assets.xcassets in Resources */ = {isa = PBXBuildFile; fileRef = 22A76EBD2B03E55E0055A36D /* Preview Assets.xcassets */; };
		22A76EC32B03E55E0055A36D /* Lovecook.xcdatamodeld in Sources */ = {isa = PBXBuildFile; fileRef = 22A76EC12B03E55E0055A36D /* Lovecook.xcdatamodeld */; };
		22A76ECD2B03F1F10055A36D /* CategoriesView.swift in Sources */ = {isa = PBXBuildFile; fileRef = 22A76ECC2B03F1F10055A36D /* CategoriesView.swift */; };
		22A76ED22B03F21C0055A36D /* UserAccountView.swift in Sources */ = {isa = PBXBuildFile; fileRef = 22A76ED12B03F21C0055A36D /* UserAccountView.swift */; };
		22A76ED62B03F3B90055A36D /* CategoriesViewModel.swift in Sources */ = {isa = PBXBuildFile; fileRef = 22A76ED52B03F3B90055A36D /* CategoriesViewModel.swift */; };
		22A76EDB2B03F4A20055A36D /* GetCategoriesUseCase.swift in Sources */ = {isa = PBXBuildFile; fileRef = 22A76EDA2B03F4A20055A36D /* GetCategoriesUseCase.swift */; };
		22A76EDF2B03F5620055A36D /* CategoriesRemoteService.swift in Sources */ = {isa = PBXBuildFile; fileRef = 22A76EDE2B03F5620055A36D /* CategoriesRemoteService.swift */; };
		22A76EE22B03F5B30055A36D /* URLSessionNetworkClient.swift in Sources */ = {isa = PBXBuildFile; fileRef = 22A76EE12B03F5B30055A36D /* URLSessionNetworkClient.swift */; };
		22A76EE42B03F5D60055A36D /* NetworkError.swift in Sources */ = {isa = PBXBuildFile; fileRef = 22A76EE32B03F5D60055A36D /* NetworkError.swift */; };
		22A76EE92B03F63C0055A36D /* Category.swift in Sources */ = {isa = PBXBuildFile; fileRef = 22A76EE82B03F63C0055A36D /* Category.swift */; };
		22A76EEB2B03F8A80055A36D /* Coordinator.swift in Sources */ = {isa = PBXBuildFile; fileRef = 22A76EEA2B03F8A80055A36D /* Coordinator.swift */; };
		22B047B32B3CD6090086094A /* SignUpViewModel.swift in Sources */ = {isa = PBXBuildFile; fileRef = 22B047B22B3CD6090086094A /* SignUpViewModel.swift */; };
		22B047B52B3CE1C90086094A /* AuthenticationManager.swift in Sources */ = {isa = PBXBuildFile; fileRef = 22B047B42B3CE1C90086094A /* AuthenticationManager.swift */; };
		22B047B82B3CE39F0086094A /* AuthDataResultModel.swift in Sources */ = {isa = PBXBuildFile; fileRef = 22B047B72B3CE39F0086094A /* AuthDataResultModel.swift */; };
		22B047BA2B3DE8A30086094A /* RemoteImageView.swift in Sources */ = {isa = PBXBuildFile; fileRef = 22B047B92B3DE8A30086094A /* RemoteImageView.swift */; };
		22B047BC2B3F83A90086094A /* AddRecipeToFavoritesUseCase.swift in Sources */ = {isa = PBXBuildFile; fileRef = 22B047BB2B3F83A90086094A /* AddRecipeToFavoritesUseCase.swift */; };
		22B047BE2B3F858E0086094A /* RecipesLocalService.swift in Sources */ = {isa = PBXBuildFile; fileRef = 22B047BD2B3F858E0086094A /* RecipesLocalService.swift */; };
		22B047C12B4077F00086094A /* CoreDataPersistenceController.swift in Sources */ = {isa = PBXBuildFile; fileRef = 22B047C02B4077F00086094A /* CoreDataPersistenceController.swift */; };
		22B047D32B40E0140086094A /* CDFavoriteRecipe+CoreDataClass.swift in Sources */ = {isa = PBXBuildFile; fileRef = 22B047D12B40E0140086094A /* CDFavoriteRecipe+CoreDataClass.swift */; };
		22B047D42B40E0140086094A /* CDFavoriteRecipe+CoreDataProperties.swift in Sources */ = {isa = PBXBuildFile; fileRef = 22B047D22B40E0140086094A /* CDFavoriteRecipe+CoreDataProperties.swift */; };
		22E32D2B2B286E0D003731E5 /* Recipe.swift in Sources */ = {isa = PBXBuildFile; fileRef = 22E32D2A2B286E0D003731E5 /* Recipe.swift */; };
		22F3665F2B0CAD6C007F7E8C /* CategoriesRepository.swift in Sources */ = {isa = PBXBuildFile; fileRef = 22F3665E2B0CAD6C007F7E8C /* CategoriesRepository.swift */; };
		22F366612B0CAFA3007F7E8C /* NetworkClient.swift in Sources */ = {isa = PBXBuildFile; fileRef = 22F366602B0CAFA3007F7E8C /* NetworkClient.swift */; };
		22FFA1592B23E02400811574 /* food_background.jpg in Resources */ = {isa = PBXBuildFile; fileRef = 22FFA1582B23E02400811574 /* food_background.jpg */; };
		22FFA15C2B23E35D00811574 /* AuthView.swift in Sources */ = {isa = PBXBuildFile; fileRef = 22FFA15B2B23E35D00811574 /* AuthView.swift */; };
		22FFA15E2B23E36900811574 /* LogInView.swift in Sources */ = {isa = PBXBuildFile; fileRef = 22FFA15D2B23E36900811574 /* LogInView.swift */; };
		22FFA1602B23E3F200811574 /* SignUpView.swift in Sources */ = {isa = PBXBuildFile; fileRef = 22FFA15F2B23E3F200811574 /* SignUpView.swift */; };
		B64A931D2B40219600E39A2D /* Photo.swift in Sources */ = {isa = PBXBuildFile; fileRef = B64A931C2B40219600E39A2D /* Photo.swift */; };
		B64A931F2B42CD0500E39A2D /* FavoriteRecipe.swift in Sources */ = {isa = PBXBuildFile; fileRef = B64A931E2B42CD0500E39A2D /* FavoriteRecipe.swift */; };
		B64A93212B42D0B400E39A2D /* GetFavoriteRecipesUseCase.swift in Sources */ = {isa = PBXBuildFile; fileRef = B64A93202B42D0B400E39A2D /* GetFavoriteRecipesUseCase.swift */; };
		B64A93242B42D3FA00E39A2D /* DeleteFavoriteRecipeUseCase.swift in Sources */ = {isa = PBXBuildFile; fileRef = B64A93232B42D3FA00E39A2D /* DeleteFavoriteRecipeUseCase.swift */; };
/* End PBXBuildFile section */

/* Begin PBXFileReference section */
		22106CCD2B2A940D0090F25B /* Info.plist */ = {isa = PBXFileReference; lastKnownFileType = text.plist; path = Info.plist; sourceTree = "<group>"; };
		22106CCF2B2A95300090F25B /* AuthenticationViewModel.swift */ = {isa = PBXFileReference; lastKnownFileType = sourcecode.swift; path = AuthenticationViewModel.swift; sourceTree = "<group>"; };
		22106CD12B2A9DC40090F25B /* GoogleSignInButton.swift */ = {isa = PBXFileReference; lastKnownFileType = sourcecode.swift; path = GoogleSignInButton.swift; sourceTree = "<group>"; };
		22259F8C2B2A92AB00C4BF84 /* GoogleService-Info.plist */ = {isa = PBXFileReference; fileEncoding = 4; lastKnownFileType = text.plist.xml; path = "GoogleService-Info.plist"; sourceTree = "<group>"; };
		222A8FD42B27DDA700A55B65 /* RoundedCorners.swift */ = {isa = PBXFileReference; lastKnownFileType = sourcecode.swift; path = RoundedCorners.swift; sourceTree = "<group>"; };
		222A8FD72B27E42A00A55B65 /* ApiRecipeToRecipeMapper.swift */ = {isa = PBXFileReference; lastKnownFileType = sourcecode.swift; path = ApiRecipeToRecipeMapper.swift; sourceTree = "<group>"; };
		222A95B92B0D6FBD00E2AAD5 /* CategoryItemView.swift */ = {isa = PBXFileReference; lastKnownFileType = sourcecode.swift; path = CategoryItemView.swift; sourceTree = "<group>"; };
		222A95BC2B0D70E700E2AAD5 /* MealsByCategoryView.swift */ = {isa = PBXFileReference; lastKnownFileType = sourcecode.swift; path = MealsByCategoryView.swift; sourceTree = "<group>"; };
		222A95D32B0EB9D500E2AAD5 /* MealsByCategoryViewModel.swift */ = {isa = PBXFileReference; lastKnownFileType = sourcecode.swift; path = MealsByCategoryViewModel.swift; sourceTree = "<group>"; };
		222A95D52B0EBB6D00E2AAD5 /* ApiMeal.swift */ = {isa = PBXFileReference; lastKnownFileType = sourcecode.swift; path = ApiMeal.swift; sourceTree = "<group>"; };
		222A95D72B0EBBB100E2AAD5 /* ApiRecipe.swift */ = {isa = PBXFileReference; lastKnownFileType = sourcecode.swift; path = ApiRecipe.swift; sourceTree = "<group>"; };
		222A95DA2B0EBEA300E2AAD5 /* GetMealsByCategoryUseCase.swift */ = {isa = PBXFileReference; lastKnownFileType = sourcecode.swift; path = GetMealsByCategoryUseCase.swift; sourceTree = "<group>"; };
		222A95DC2B0EC0E800E2AAD5 /* MealsByCategoryRepository.swift */ = {isa = PBXFileReference; lastKnownFileType = sourcecode.swift; path = MealsByCategoryRepository.swift; sourceTree = "<group>"; };
		222A95DE2B0EC32400E2AAD5 /* MealsByCategoryRemoteService.swift */ = {isa = PBXFileReference; lastKnownFileType = sourcecode.swift; path = MealsByCategoryRemoteService.swift; sourceTree = "<group>"; };
		222A95E02B0EC72A00E2AAD5 /* MealItemView.swift */ = {isa = PBXFileReference; lastKnownFileType = sourcecode.swift; path = MealItemView.swift; sourceTree = "<group>"; };
		222A95E72B0ECDAA00E2AAD5 /* RecipesRemoteService.swift */ = {isa = PBXFileReference; lastKnownFileType = sourcecode.swift; path = RecipesRemoteService.swift; sourceTree = "<group>"; };
		222A95E92B0ECE6C00E2AAD5 /* RecipesRepository.swift */ = {isa = PBXFileReference; lastKnownFileType = sourcecode.swift; path = RecipesRepository.swift; sourceTree = "<group>"; };
		222A95EB2B0ECF2600E2AAD5 /* GetRecipeUseCase.swift */ = {isa = PBXFileReference; lastKnownFileType = sourcecode.swift; path = GetRecipeUseCase.swift; sourceTree = "<group>"; };
		2262B7A32B38494E0008B17E /* UserFavoritesView.swift */ = {isa = PBXFileReference; lastKnownFileType = sourcecode.swift; path = UserFavoritesView.swift; sourceTree = "<group>"; };
		2262B7A52B385E3B0008B17E /* Meal.swift */ = {isa = PBXFileReference; lastKnownFileType = sourcecode.swift; path = Meal.swift; sourceTree = "<group>"; };
		2262B7A72B385E5E0008B17E /* ApiMealToMealMapper.swift */ = {isa = PBXFileReference; lastKnownFileType = sourcecode.swift; path = ApiMealToMealMapper.swift; sourceTree = "<group>"; };
		2262B7A92B3879D60008B17E /* meal_placeholder.png */ = {isa = PBXFileReference; lastKnownFileType = image.png; path = meal_placeholder.png; sourceTree = "<group>"; };
		22728F222B36515100C3916E /* UserMainView.swift */ = {isa = PBXFileReference; lastKnownFileType = sourcecode.swift; path = UserMainView.swift; sourceTree = "<group>"; };
		22728F242B378C0700C3916E /* UserFavoritesViewModel.swift */ = {isa = PBXFileReference; lastKnownFileType = sourcecode.swift; path = UserFavoritesViewModel.swift; sourceTree = "<group>"; };
		22728F2B2B37C3A900C3916E /* UserNetworkImage.swift */ = {isa = PBXFileReference; lastKnownFileType = sourcecode.swift; path = UserNetworkImage.swift; sourceTree = "<group>"; };
		22728F2E2B37C4D700C3916E /* PhotoGalleryView.swift */ = {isa = PBXFileReference; lastKnownFileType = sourcecode.swift; path = PhotoGalleryView.swift; sourceTree = "<group>"; };
		22728F322B37C64D00C3916E /* PhotoGalleryViewModel.swift */ = {isa = PBXFileReference; lastKnownFileType = sourcecode.swift; path = PhotoGalleryViewModel.swift; sourceTree = "<group>"; };
		22728F372B37CF2800C3916E /* StorageManager.swift */ = {isa = PBXFileReference; lastKnownFileType = sourcecode.swift; path = StorageManager.swift; sourceTree = "<group>"; };
		2279304F2B2B72F0006C9EDA /* CheckboxToggleStyle.swift */ = {isa = PBXFileReference; lastKnownFileType = sourcecode.swift; path = CheckboxToggleStyle.swift; sourceTree = "<group>"; };
		228D52F12B1FA03900C45BC9 /* LottieView.swift */ = {isa = PBXFileReference; lastKnownFileType = sourcecode.swift; path = LottieView.swift; sourceTree = "<group>"; };
		228D52F32B1FA26900C45BC9 /* lottie_animation.json */ = {isa = PBXFileReference; fileEncoding = 4; lastKnownFileType = text.json; path = lottie_animation.json; sourceTree = "<group>"; };
		228D52F62B1FA40D00C45BC9 /* SplashView.swift */ = {isa = PBXFileReference; lastKnownFileType = sourcecode.swift; path = SplashView.swift; sourceTree = "<group>"; };
		228D52F92B21509400C45BC9 /* NetworkConstants.swift */ = {isa = PBXFileReference; lastKnownFileType = sourcecode.swift; path = NetworkConstants.swift; sourceTree = "<group>"; };
		228D52FE2B224E8600C45BC9 /* CategoriesResponse.swift */ = {isa = PBXFileReference; lastKnownFileType = sourcecode.swift; path = CategoriesResponse.swift; sourceTree = "<group>"; };
		228D53002B22827600C45BC9 /* MealsResponse.swift */ = {isa = PBXFileReference; lastKnownFileType = sourcecode.swift; path = MealsResponse.swift; sourceTree = "<group>"; };
		228D53022B2282F800C45BC9 /* RecipeResponse.swift */ = {isa = PBXFileReference; lastKnownFileType = sourcecode.swift; path = RecipeResponse.swift; sourceTree = "<group>"; };
		228D53042B228B8700C45BC9 /* RecipesView.swift */ = {isa = PBXFileReference; lastKnownFileType = sourcecode.swift; path = RecipesView.swift; sourceTree = "<group>"; };
		228D53062B228B9C00C45BC9 /* RecipesViewModel.swift */ = {isa = PBXFileReference; lastKnownFileType = sourcecode.swift; path = RecipesViewModel.swift; sourceTree = "<group>"; };
		22A027B02B2BE0CC00F44C68 /* MainView.swift */ = {isa = PBXFileReference; lastKnownFileType = sourcecode.swift; path = MainView.swift; sourceTree = "<group>"; };
		22A76EB32B03E55D0055A36D /* Lovecook.app */ = {isa = PBXFileReference; explicitFileType = wrapper.application; includeInIndex = 0; path = Lovecook.app; sourceTree = BUILT_PRODUCTS_DIR; };
		22A76EB62B03E55D0055A36D /* LovecookApp.swift */ = {isa = PBXFileReference; lastKnownFileType = sourcecode.swift; path = LovecookApp.swift; sourceTree = "<group>"; };
		22A76EB82B03E55D0055A36D /* ContentView.swift */ = {isa = PBXFileReference; lastKnownFileType = sourcecode.swift; path = ContentView.swift; sourceTree = "<group>"; };
		22A76EBA2B03E55E0055A36D /* Assets.xcassets */ = {isa = PBXFileReference; lastKnownFileType = folder.assetcatalog; path = Assets.xcassets; sourceTree = "<group>"; };
		22A76EBD2B03E55E0055A36D /* Preview Assets.xcassets */ = {isa = PBXFileReference; lastKnownFileType = folder.assetcatalog; path = "Preview Assets.xcassets"; sourceTree = "<group>"; };
		22A76EC22B03E55E0055A36D /* Lovecook.xcdatamodel */ = {isa = PBXFileReference; lastKnownFileType = wrapper.xcdatamodel; path = Lovecook.xcdatamodel; sourceTree = "<group>"; };
		22A76ECC2B03F1F10055A36D /* CategoriesView.swift */ = {isa = PBXFileReference; lastKnownFileType = sourcecode.swift; path = CategoriesView.swift; sourceTree = "<group>"; };
		22A76ED12B03F21C0055A36D /* UserAccountView.swift */ = {isa = PBXFileReference; lastKnownFileType = sourcecode.swift; path = UserAccountView.swift; sourceTree = "<group>"; };
		22A76ED52B03F3B90055A36D /* CategoriesViewModel.swift */ = {isa = PBXFileReference; lastKnownFileType = sourcecode.swift; path = CategoriesViewModel.swift; sourceTree = "<group>"; };
		22A76EDA2B03F4A20055A36D /* GetCategoriesUseCase.swift */ = {isa = PBXFileReference; lastKnownFileType = sourcecode.swift; path = GetCategoriesUseCase.swift; sourceTree = "<group>"; };
		22A76EDE2B03F5620055A36D /* CategoriesRemoteService.swift */ = {isa = PBXFileReference; lastKnownFileType = sourcecode.swift; path = CategoriesRemoteService.swift; sourceTree = "<group>"; };
		22A76EE12B03F5B30055A36D /* URLSessionNetworkClient.swift */ = {isa = PBXFileReference; lastKnownFileType = sourcecode.swift; path = URLSessionNetworkClient.swift; sourceTree = "<group>"; };
		22A76EE32B03F5D60055A36D /* NetworkError.swift */ = {isa = PBXFileReference; lastKnownFileType = sourcecode.swift; path = NetworkError.swift; sourceTree = "<group>"; };
		22A76EE82B03F63C0055A36D /* Category.swift */ = {isa = PBXFileReference; lastKnownFileType = sourcecode.swift; path = Category.swift; sourceTree = "<group>"; };
		22A76EEA2B03F8A80055A36D /* Coordinator.swift */ = {isa = PBXFileReference; lastKnownFileType = sourcecode.swift; path = Coordinator.swift; sourceTree = "<group>"; };
		22B047B22B3CD6090086094A /* SignUpViewModel.swift */ = {isa = PBXFileReference; lastKnownFileType = sourcecode.swift; path = SignUpViewModel.swift; sourceTree = "<group>"; };
		22B047B42B3CE1C90086094A /* AuthenticationManager.swift */ = {isa = PBXFileReference; lastKnownFileType = sourcecode.swift; path = AuthenticationManager.swift; sourceTree = "<group>"; };
		22B047B72B3CE39F0086094A /* AuthDataResultModel.swift */ = {isa = PBXFileReference; lastKnownFileType = sourcecode.swift; path = AuthDataResultModel.swift; sourceTree = "<group>"; };
		22B047B92B3DE8A30086094A /* RemoteImageView.swift */ = {isa = PBXFileReference; lastKnownFileType = sourcecode.swift; path = RemoteImageView.swift; sourceTree = "<group>"; };
		22B047BB2B3F83A90086094A /* AddRecipeToFavoritesUseCase.swift */ = {isa = PBXFileReference; lastKnownFileType = sourcecode.swift; path = AddRecipeToFavoritesUseCase.swift; sourceTree = "<group>"; };
		22B047BD2B3F858E0086094A /* RecipesLocalService.swift */ = {isa = PBXFileReference; lastKnownFileType = sourcecode.swift; path = RecipesLocalService.swift; sourceTree = "<group>"; };
		22B047C02B4077F00086094A /* CoreDataPersistenceController.swift */ = {isa = PBXFileReference; lastKnownFileType = sourcecode.swift; path = CoreDataPersistenceController.swift; sourceTree = "<group>"; };
		22B047D12B40E0140086094A /* CDFavoriteRecipe+CoreDataClass.swift */ = {isa = PBXFileReference; lastKnownFileType = sourcecode.swift; path = "CDFavoriteRecipe+CoreDataClass.swift"; sourceTree = "<group>"; };
		22B047D22B40E0140086094A /* CDFavoriteRecipe+CoreDataProperties.swift */ = {isa = PBXFileReference; lastKnownFileType = sourcecode.swift; path = "CDFavoriteRecipe+CoreDataProperties.swift"; sourceTree = "<group>"; };
		22E32D2A2B286E0D003731E5 /* Recipe.swift */ = {isa = PBXFileReference; lastKnownFileType = sourcecode.swift; path = Recipe.swift; sourceTree = "<group>"; };
		22F3665E2B0CAD6C007F7E8C /* CategoriesRepository.swift */ = {isa = PBXFileReference; lastKnownFileType = sourcecode.swift; path = CategoriesRepository.swift; sourceTree = "<group>"; };
		22F366602B0CAFA3007F7E8C /* NetworkClient.swift */ = {isa = PBXFileReference; lastKnownFileType = sourcecode.swift; path = NetworkClient.swift; sourceTree = "<group>"; };
		22FFA1582B23E02400811574 /* food_background.jpg */ = {isa = PBXFileReference; lastKnownFileType = image.jpeg; path = food_background.jpg; sourceTree = "<group>"; };
		22FFA15B2B23E35D00811574 /* AuthView.swift */ = {isa = PBXFileReference; lastKnownFileType = sourcecode.swift; path = AuthView.swift; sourceTree = "<group>"; };
		22FFA15D2B23E36900811574 /* LogInView.swift */ = {isa = PBXFileReference; lastKnownFileType = sourcecode.swift; path = LogInView.swift; sourceTree = "<group>"; };
		22FFA15F2B23E3F200811574 /* SignUpView.swift */ = {isa = PBXFileReference; lastKnownFileType = sourcecode.swift; path = SignUpView.swift; sourceTree = "<group>"; };
		B64A931C2B40219600E39A2D /* Photo.swift */ = {isa = PBXFileReference; lastKnownFileType = sourcecode.swift; path = Photo.swift; sourceTree = "<group>"; };
		B64A931E2B42CD0500E39A2D /* FavoriteRecipe.swift */ = {isa = PBXFileReference; lastKnownFileType = sourcecode.swift; path = FavoriteRecipe.swift; sourceTree = "<group>"; };
		B64A93202B42D0B400E39A2D /* GetFavoriteRecipesUseCase.swift */ = {isa = PBXFileReference; lastKnownFileType = sourcecode.swift; path = GetFavoriteRecipesUseCase.swift; sourceTree = "<group>"; };
		B64A93232B42D3FA00E39A2D /* DeleteFavoriteRecipeUseCase.swift */ = {isa = PBXFileReference; lastKnownFileType = sourcecode.swift; path = DeleteFavoriteRecipeUseCase.swift; sourceTree = "<group>"; };
/* End PBXFileReference section */

/* Begin PBXFrameworksBuildPhase section */
		22A76EB02B03E55D0055A36D /* Frameworks */ = {
			isa = PBXFrameworksBuildPhase;
			buildActionMask = 2147483647;
			files = (
				22259F692B2A90CF00C4BF84 /* FirebaseFunctions in Frameworks */,
				22259F122B2A8E5A00C4BF84 /* FirebaseAnalyticsSwift in Frameworks */,
				22259F552B2A90CF00C4BF84 /* FirebaseAppDistribution-Beta in Frameworks */,
				22259F772B2A90CF00C4BF84 /* FirebasePerformance in Frameworks */,
				22259F592B2A90CF00C4BF84 /* FirebaseAuthCombine-Community in Frameworks */,
				22259F672B2A90CF00C4BF84 /* FirebaseFirestoreSwift in Frameworks */,
				22259F632B2A90CF00C4BF84 /* FirebaseFirestore in Frameworks */,
				22259F852B2A90F600C4BF84 /* FirebaseAnalyticsSwift in Frameworks */,
				22259F5B2B2A90CF00C4BF84 /* FirebaseCrashlytics in Frameworks */,
				222A95C42B0D739500E2AAD5 /* Kingfisher in Frameworks */,
				22259F3A2B2A8E5A00C4BF84 /* FirebasePerformance in Frameworks */,
				22259F402B2A8E5A00C4BF84 /* FirebaseStorage in Frameworks */,
				22259F262B2A8E5A00C4BF84 /* FirebaseFirestore in Frameworks */,
				222A95C22B0D731700E2AAD5 /* Kingfisher in Frameworks */,
				22259F532B2A90CF00C4BF84 /* FirebaseAppCheck in Frameworks */,
				22259F2E2B2A8E5A00C4BF84 /* FirebaseFunctionsCombine-Community in Frameworks */,
				22259F452B2A8ED300C4BF84 /* GoogleSignIn in Frameworks */,
				22259F3E2B2A8E5A00C4BF84 /* FirebaseRemoteConfigSwift in Frameworks */,
				22259F5D2B2A90CF00C4BF84 /* FirebaseDatabase in Frameworks */,
				22259F242B2A8E5A00C4BF84 /* FirebaseDynamicLinks in Frameworks */,
				22259F6D2B2A90CF00C4BF84 /* FirebaseInAppMessaging-Beta in Frameworks */,
				22259F4F2B2A90CF00C4BF84 /* FirebaseAnalyticsSwift in Frameworks */,
				22259F512B2A90CF00C4BF84 /* FirebaseAnalyticsWithoutAdIdSupport in Frameworks */,
				22259F652B2A90CF00C4BF84 /* FirebaseFirestoreCombine-Community in Frameworks */,
				22259F3C2B2A8E5A00C4BF84 /* FirebaseRemoteConfig in Frameworks */,
				22259F1C2B2A8E5A00C4BF84 /* FirebaseAuthCombine-Community in Frameworks */,
				22259F202B2A8E5A00C4BF84 /* FirebaseDatabase in Frameworks */,
				22259F752B2A90CF00C4BF84 /* FirebaseMessaging in Frameworks */,
				22259F732B2A90CF00C4BF84 /* FirebaseMLModelDownloader in Frameworks */,
				22259F572B2A90CF00C4BF84 /* FirebaseAuth in Frameworks */,
				22259F2C2B2A8E5A00C4BF84 /* FirebaseFunctions in Frameworks */,
				22259F302B2A8E5A00C4BF84 /* FirebaseInAppMessaging-Beta in Frameworks */,
				222A95C02B0D72FA00E2AAD5 /* Kingfisher in Frameworks */,
				222A95C82B0D745000E2AAD5 /* Kingfisher in Frameworks */,
				22259F872B2A90F600C4BF84 /* FirebaseAnalyticsWithoutAdIdSupport in Frameworks */,
				22259F7D2B2A90CF00C4BF84 /* FirebaseStorage in Frameworks */,
				222A95CB2B0D753500E2AAD5 /* Kingfisher in Frameworks */,
				22259F342B2A8E5A00C4BF84 /* FirebaseInstallations in Frameworks */,
				22259F382B2A8E5A00C4BF84 /* FirebaseMessaging in Frameworks */,
				22259F4D2B2A90CF00C4BF84 /* FirebaseAnalyticsOnDeviceConversion in Frameworks */,
				228D52EC2B1F9DAC00C45BC9 /* Lottie in Frameworks */,
				22259F892B2A90F600C4BF84 /* FirebaseAppCheck in Frameworks */,
				22259F422B2A8E5A00C4BF84 /* FirebaseStorageCombine-Community in Frameworks */,
				22259F282B2A8E5A00C4BF84 /* FirebaseFirestoreCombine-Community in Frameworks */,
				22259F5F2B2A90CF00C4BF84 /* FirebaseDatabaseSwift in Frameworks */,
				22259F322B2A8E5A00C4BF84 /* FirebaseInAppMessagingSwift-Beta in Frameworks */,
				22259F4B2B2A90CF00C4BF84 /* FirebaseAnalytics in Frameworks */,
				22259F792B2A90CF00C4BF84 /* FirebaseRemoteConfig in Frameworks */,
				22259F102B2A8E5A00C4BF84 /* FirebaseAnalyticsOnDeviceConversion in Frameworks */,
				22259F612B2A90CF00C4BF84 /* FirebaseDynamicLinks in Frameworks */,
				22A027B42B32707F00F44C68 /* YouTubePlayerKit in Frameworks */,
				22259F712B2A90CF00C4BF84 /* FirebaseInstallations in Frameworks */,
				22259F1A2B2A8E5A00C4BF84 /* FirebaseAuth in Frameworks */,
				22259F1E2B2A8E5A00C4BF84 /* FirebaseCrashlytics in Frameworks */,
				22259F2A2B2A8E5A00C4BF84 /* FirebaseFirestoreSwift in Frameworks */,
				22259F472B2A8ED300C4BF84 /* GoogleSignInSwift in Frameworks */,
				22259F6B2B2A90CF00C4BF84 /* FirebaseFunctionsCombine-Community in Frameworks */,
				22259F222B2A8E5A00C4BF84 /* FirebaseDatabaseSwift in Frameworks */,
				22259F362B2A8E5A00C4BF84 /* FirebaseMLModelDownloader in Frameworks */,
				22259F162B2A8E5A00C4BF84 /* FirebaseAppCheck in Frameworks */,
				22259F7F2B2A90CF00C4BF84 /* FirebaseStorageCombine-Community in Frameworks */,
				22259F7B2B2A90CF00C4BF84 /* FirebaseRemoteConfigSwift in Frameworks */,
				22259F6F2B2A90CF00C4BF84 /* FirebaseInAppMessagingSwift-Beta in Frameworks */,
				22259F182B2A8E5A00C4BF84 /* FirebaseAppDistribution-Beta in Frameworks */,
			);
			runOnlyForDeploymentPostprocessing = 0;
		};
/* End PBXFrameworksBuildPhase section */

/* Begin PBXGroup section */
		221BD0CD2B3CD468000726EB /* LogIn */ = {
			isa = PBXGroup;
			children = (
				22FFA15D2B23E36900811574 /* LogInView.swift */,
				22106CCF2B2A95300090F25B /* AuthenticationViewModel.swift */,
			);
			path = LogIn;
			sourceTree = "<group>";
		};
		222A8FD62B27E3C600A55B65 /* Mappers */ = {
			isa = PBXGroup;
			children = (
				222A8FD72B27E42A00A55B65 /* ApiRecipeToRecipeMapper.swift */,
				2262B7A72B385E5E0008B17E /* ApiMealToMealMapper.swift */,
			);
			path = Mappers;
			sourceTree = "<group>";
		};
		222A95BB2B0D70BB00E2AAD5 /* Recipes */ = {
			isa = PBXGroup;
			children = (
				222A95E32B0ECA4100E2AAD5 /* RecipesView */,
			);
			path = Recipes;
			sourceTree = "<group>";
		};
		222A95C92B0D751400E2AAD5 /* Frameworks */ = {
			isa = PBXGroup;
			children = (
			);
			name = Frameworks;
			sourceTree = "<group>";
		};
		222A95D92B0EBCDC00E2AAD5 /* MealsByCategory */ = {
			isa = PBXGroup;
			children = (
				222A95E42B0ECA5500E2AAD5 /* MealsByCategoryView */,
			);
			path = MealsByCategory;
			sourceTree = "<group>";
		};
		222A95E32B0ECA4100E2AAD5 /* RecipesView */ = {
			isa = PBXGroup;
			children = (
				228D53042B228B8700C45BC9 /* RecipesView.swift */,
				228D53062B228B9C00C45BC9 /* RecipesViewModel.swift */,
			);
			path = RecipesView;
			sourceTree = "<group>";
		};
		222A95E42B0ECA5500E2AAD5 /* MealsByCategoryView */ = {
			isa = PBXGroup;
			children = (
				222A95BC2B0D70E700E2AAD5 /* MealsByCategoryView.swift */,
				222A95D32B0EB9D500E2AAD5 /* MealsByCategoryViewModel.swift */,
				222A95E02B0EC72A00E2AAD5 /* MealItemView.swift */,
			);
			path = MealsByCategoryView;
			sourceTree = "<group>";
		};
		22728F262B378C1D00C3916E /* Favorites */ = {
			isa = PBXGroup;
			children = (
				22728F242B378C0700C3916E /* UserFavoritesViewModel.swift */,
				2262B7A32B38494E0008B17E /* UserFavoritesView.swift */,
			);
			path = Favorites;
			sourceTree = "<group>";
		};
		22728F2D2B37C4BF00C3916E /* PhotoGallery */ = {
			isa = PBXGroup;
			children = (
				22728F2E2B37C4D700C3916E /* PhotoGalleryView.swift */,
				22728F322B37C64D00C3916E /* PhotoGalleryViewModel.swift */,
				22B047B92B3DE8A30086094A /* RemoteImageView.swift */,
			);
			path = PhotoGallery;
			sourceTree = "<group>";
		};
		22728F362B37CF0E00C3916E /* Storage */ = {
			isa = PBXGroup;
			children = (
				22728F372B37CF2800C3916E /* StorageManager.swift */,
			);
			path = Storage;
			sourceTree = "<group>";
		};
		228D52ED2B1F9F4500C45BC9 /* Assets */ = {
			isa = PBXGroup;
			children = (
				22FFA1582B23E02400811574 /* food_background.jpg */,
				2262B7A92B3879D60008B17E /* meal_placeholder.png */,
				228D52F32B1FA26900C45BC9 /* lottie_animation.json */,
			);
			path = Assets;
			sourceTree = "<group>";
		};
		228D52EE2B1F9FE700C45BC9 /* Widgets */ = {
			isa = PBXGroup;
			children = (
				228D52F12B1FA03900C45BC9 /* LottieView.swift */,
				222A8FD42B27DDA700A55B65 /* RoundedCorners.swift */,
				22106CD12B2A9DC40090F25B /* GoogleSignInButton.swift */,
				2279304F2B2B72F0006C9EDA /* CheckboxToggleStyle.swift */,
				22728F2B2B37C3A900C3916E /* UserNetworkImage.swift */,
			);
			path = Widgets;
			sourceTree = "<group>";
		};
		228D52F52B1FA3F500C45BC9 /* Splash */ = {
			isa = PBXGroup;
			children = (
				228D52F62B1FA40D00C45BC9 /* SplashView.swift */,
			);
			path = Splash;
			sourceTree = "<group>";
		};
		228D52F82B21507F00C45BC9 /* NetworkConstants */ = {
			isa = PBXGroup;
			children = (
				228D52F92B21509400C45BC9 /* NetworkConstants.swift */,
			);
			path = NetworkConstants;
			sourceTree = "<group>";
		};
		228D52FD2B224E6F00C45BC9 /* APIResponses */ = {
			isa = PBXGroup;
			children = (
				22E32D262B286D82003731E5 /* Categories */,
				22E32D272B286D8F003731E5 /* MealsByCategory */,
				22E32D282B286D9A003731E5 /* Recipes */,
			);
			path = APIResponses;
			sourceTree = "<group>";
		};
		22A027AF2B2BE0BF00F44C68 /* Main */ = {
			isa = PBXGroup;
			children = (
				22A027B02B2BE0CC00F44C68 /* MainView.swift */,
			);
			path = Main;
			sourceTree = "<group>";
		};
		22A76EAA2B03E55D0055A36D = {
			isa = PBXGroup;
			children = (
				22A76EB52B03E55D0055A36D /* Lovecook */,
				22A76EB42B03E55D0055A36D /* Products */,
				222A95C92B0D751400E2AAD5 /* Frameworks */,
			);
			sourceTree = "<group>";
		};
		22A76EB42B03E55D0055A36D /* Products */ = {
			isa = PBXGroup;
			children = (
				22A76EB32B03E55D0055A36D /* Lovecook.app */,
			);
			name = Products;
			sourceTree = "<group>";
		};
		22A76EB52B03E55D0055A36D /* Lovecook */ = {
			isa = PBXGroup;
			children = (
				22106CCD2B2A940D0090F25B /* Info.plist */,
				22A76EB62B03E55D0055A36D /* LovecookApp.swift */,
				22A76EB82B03E55D0055A36D /* ContentView.swift */,
				22A76EEA2B03F8A80055A36D /* Coordinator.swift */,
				228D52F52B1FA3F500C45BC9 /* Splash */,
				22A76EE52B03F5FE0055A36D /* Entities */,
				222A8FD62B27E3C600A55B65 /* Mappers */,
				22728F362B37CF0E00C3916E /* Storage */,
				22A76EC92B03F1B60055A36D /* Features */,
				22A76ED92B03F4820055A36D /* UseCases */,
				22A76EDC2B03F5340055A36D /* Data */,
				22A76EE02B03F5980055A36D /* NetworkClient */,
				228D52EE2B1F9FE700C45BC9 /* Widgets */,
				228D52ED2B1F9F4500C45BC9 /* Assets */,
				22259F8C2B2A92AB00C4BF84 /* GoogleService-Info.plist */,
				22A76EBA2B03E55E0055A36D /* Assets.xcassets */,
				22A76EBC2B03E55E0055A36D /* Preview Content */,
			);
			path = Lovecook;
			sourceTree = "<group>";
		};
		22A76EBC2B03E55E0055A36D /* Preview Content */ = {
			isa = PBXGroup;
			children = (
				22A76EBD2B03E55E0055A36D /* Preview Assets.xcassets */,
			);
			path = "Preview Content";
			sourceTree = "<group>";
		};
		22A76EC92B03F1B60055A36D /* Features */ = {
			isa = PBXGroup;
			children = (
				22728F2D2B37C4BF00C3916E /* PhotoGallery */,
				22A027AF2B2BE0BF00F44C68 /* Main */,
				22FFA15A2B23E29300811574 /* Authentication */,
				22A76ED02B03F2120055A36D /* User */,
				22A76ECA2B03F1BE0055A36D /* Categories */,
				222A95D92B0EBCDC00E2AAD5 /* MealsByCategory */,
				222A95BB2B0D70BB00E2AAD5 /* Recipes */,
			);
			path = Features;
			sourceTree = "<group>";
		};
		22A76ECA2B03F1BE0055A36D /* Categories */ = {
			isa = PBXGroup;
			children = (
				22A76ED32B03F3990055A36D /* CategoriesView */,
			);
			path = Categories;
			sourceTree = "<group>";
		};
		22A76ED02B03F2120055A36D /* User */ = {
			isa = PBXGroup;
			children = (
				22728F262B378C1D00C3916E /* Favorites */,
				22A76ED12B03F21C0055A36D /* UserAccountView.swift */,
				22728F222B36515100C3916E /* UserMainView.swift */,
			);
			path = User;
			sourceTree = "<group>";
		};
		22A76ED32B03F3990055A36D /* CategoriesView */ = {
			isa = PBXGroup;
			children = (
				22A76ECC2B03F1F10055A36D /* CategoriesView.swift */,
				22A76ED52B03F3B90055A36D /* CategoriesViewModel.swift */,
				222A95B92B0D6FBD00E2AAD5 /* CategoryItemView.swift */,
			);
			path = CategoriesView;
			sourceTree = "<group>";
		};
		22A76ED92B03F4820055A36D /* UseCases */ = {
			isa = PBXGroup;
			children = (
				22A76EDA2B03F4A20055A36D /* GetCategoriesUseCase.swift */,
				222A95DA2B0EBEA300E2AAD5 /* GetMealsByCategoryUseCase.swift */,
				222A95EB2B0ECF2600E2AAD5 /* GetRecipeUseCase.swift */,
				22B047BB2B3F83A90086094A /* AddRecipeToFavoritesUseCase.swift */,
				B64A93202B42D0B400E39A2D /* GetFavoriteRecipesUseCase.swift */,
				B64A93232B42D3FA00E39A2D /* DeleteFavoriteRecipeUseCase.swift */,
			);
			path = UseCases;
			sourceTree = "<group>";
		};
		22A76EDC2B03F5340055A36D /* Data */ = {
			isa = PBXGroup;
			children = (
				22B047BF2B4077D40086094A /* CoreData */,
				22F3665D2B0CAD50007F7E8C /* Repositories */,
				22A76EDD2B03F5530055A36D /* Services */,
			);
			path = Data;
			sourceTree = "<group>";
		};
		22A76EDD2B03F5530055A36D /* Services */ = {
			isa = PBXGroup;
			children = (
				22A76EDE2B03F5620055A36D /* CategoriesRemoteService.swift */,
				222A95DE2B0EC32400E2AAD5 /* MealsByCategoryRemoteService.swift */,
				222A95E72B0ECDAA00E2AAD5 /* RecipesRemoteService.swift */,
				22B047BD2B3F858E0086094A /* RecipesLocalService.swift */,
			);
			path = Services;
			sourceTree = "<group>";
		};
		22A76EE02B03F5980055A36D /* NetworkClient */ = {
			isa = PBXGroup;
			children = (
				228D52F82B21507F00C45BC9 /* NetworkConstants */,
				22A76EE12B03F5B30055A36D /* URLSessionNetworkClient.swift */,
				22A76EE32B03F5D60055A36D /* NetworkError.swift */,
				22F366602B0CAFA3007F7E8C /* NetworkClient.swift */,
			);
			path = NetworkClient;
			sourceTree = "<group>";
		};
		22A76EE52B03F5FE0055A36D /* Entities */ = {
			isa = PBXGroup;
			children = (
				22B047B62B3CE38E0086094A /* AuthModel */,
				228D52FD2B224E6F00C45BC9 /* APIResponses */,
				22E32D292B286E00003731E5 /* Models */,
			);
			path = Entities;
			sourceTree = "<group>";
		};
		22B047B12B3CD5EC0086094A /* SignUp */ = {
			isa = PBXGroup;
			children = (
				22FFA15F2B23E3F200811574 /* SignUpView.swift */,
				22B047B22B3CD6090086094A /* SignUpViewModel.swift */,
			);
			path = SignUp;
			sourceTree = "<group>";
		};
		22B047B62B3CE38E0086094A /* AuthModel */ = {
			isa = PBXGroup;
			children = (
				22B047B72B3CE39F0086094A /* AuthDataResultModel.swift */,
			);
			path = AuthModel;
			sourceTree = "<group>";
		};
		22B047BF2B4077D40086094A /* CoreData */ = {
			isa = PBXGroup;
			children = (
				22B047C02B4077F00086094A /* CoreDataPersistenceController.swift */,
				22B047D12B40E0140086094A /* CDFavoriteRecipe+CoreDataClass.swift */,
				22B047D22B40E0140086094A /* CDFavoriteRecipe+CoreDataProperties.swift */,
				22A76EC12B03E55E0055A36D /* Lovecook.xcdatamodeld */,
			);
			path = CoreData;
			sourceTree = "<group>";
		};
		22E32D262B286D82003731E5 /* Categories */ = {
			isa = PBXGroup;
			children = (
				22A76EE82B03F63C0055A36D /* Category.swift */,
				228D52FE2B224E8600C45BC9 /* CategoriesResponse.swift */,
			);
			path = Categories;
			sourceTree = "<group>";
		};
		22E32D272B286D8F003731E5 /* MealsByCategory */ = {
			isa = PBXGroup;
			children = (
				222A95D52B0EBB6D00E2AAD5 /* ApiMeal.swift */,
				228D53002B22827600C45BC9 /* MealsResponse.swift */,
			);
			path = MealsByCategory;
			sourceTree = "<group>";
		};
		22E32D282B286D9A003731E5 /* Recipes */ = {
			isa = PBXGroup;
			children = (
				228D53022B2282F800C45BC9 /* RecipeResponse.swift */,
				222A95D72B0EBBB100E2AAD5 /* ApiRecipe.swift */,
			);
			path = Recipes;
			sourceTree = "<group>";
		};
		22E32D292B286E00003731E5 /* Models */ = {
			isa = PBXGroup;
			children = (
				22E32D2A2B286E0D003731E5 /* Recipe.swift */,
				2262B7A52B385E3B0008B17E /* Meal.swift */,
				B64A931C2B40219600E39A2D /* Photo.swift */,
				B64A931E2B42CD0500E39A2D /* FavoriteRecipe.swift */,
			);
			path = Models;
			sourceTree = "<group>";
		};
		22F3665D2B0CAD50007F7E8C /* Repositories */ = {
			isa = PBXGroup;
			children = (
				22F3665E2B0CAD6C007F7E8C /* CategoriesRepository.swift */,
				222A95DC2B0EC0E800E2AAD5 /* MealsByCategoryRepository.swift */,
				222A95E92B0ECE6C00E2AAD5 /* RecipesRepository.swift */,
			);
			path = Repositories;
			sourceTree = "<group>";
		};
		22FFA15A2B23E29300811574 /* Authentication */ = {
			isa = PBXGroup;
			children = (
				22FFA15B2B23E35D00811574 /* AuthView.swift */,
				22B047B42B3CE1C90086094A /* AuthenticationManager.swift */,
				221BD0CD2B3CD468000726EB /* LogIn */,
				22B047B12B3CD5EC0086094A /* SignUp */,
			);
			path = Authentication;
			sourceTree = "<group>";
		};
/* End PBXGroup section */

/* Begin PBXNativeTarget section */
		22A76EB22B03E55D0055A36D /* Lovecook */ = {
			isa = PBXNativeTarget;
			buildConfigurationList = 22A76EC62B03E55E0055A36D /* Build configuration list for PBXNativeTarget "Lovecook" */;
			buildPhases = (
				22A76EAF2B03E55D0055A36D /* Sources */,
				22A76EB02B03E55D0055A36D /* Frameworks */,
				22A76EB12B03E55D0055A36D /* Resources */,
			);
			buildRules = (
			);
			dependencies = (
			);
			name = Lovecook;
			packageProductDependencies = (
				222A95BF2B0D72FA00E2AAD5 /* Kingfisher */,
				222A95C12B0D731700E2AAD5 /* Kingfisher */,
				222A95C32B0D739500E2AAD5 /* Kingfisher */,
				222A95C72B0D745000E2AAD5 /* Kingfisher */,
				222A95CA2B0D753500E2AAD5 /* Kingfisher */,
				228D52EB2B1F9DAC00C45BC9 /* Lottie */,
				22259F0F2B2A8E5A00C4BF84 /* FirebaseAnalyticsOnDeviceConversion */,
				22259F112B2A8E5A00C4BF84 /* FirebaseAnalyticsSwift */,
				22259F152B2A8E5A00C4BF84 /* FirebaseAppCheck */,
				22259F172B2A8E5A00C4BF84 /* FirebaseAppDistribution-Beta */,
				22259F192B2A8E5A00C4BF84 /* FirebaseAuth */,
				22259F1B2B2A8E5A00C4BF84 /* FirebaseAuthCombine-Community */,
				22259F1D2B2A8E5A00C4BF84 /* FirebaseCrashlytics */,
				22259F1F2B2A8E5A00C4BF84 /* FirebaseDatabase */,
				22259F212B2A8E5A00C4BF84 /* FirebaseDatabaseSwift */,
				22259F232B2A8E5A00C4BF84 /* FirebaseDynamicLinks */,
				22259F252B2A8E5A00C4BF84 /* FirebaseFirestore */,
				22259F272B2A8E5A00C4BF84 /* FirebaseFirestoreCombine-Community */,
				22259F292B2A8E5A00C4BF84 /* FirebaseFirestoreSwift */,
				22259F2B2B2A8E5A00C4BF84 /* FirebaseFunctions */,
				22259F2D2B2A8E5A00C4BF84 /* FirebaseFunctionsCombine-Community */,
				22259F2F2B2A8E5A00C4BF84 /* FirebaseInAppMessaging-Beta */,
				22259F312B2A8E5A00C4BF84 /* FirebaseInAppMessagingSwift-Beta */,
				22259F332B2A8E5A00C4BF84 /* FirebaseInstallations */,
				22259F352B2A8E5A00C4BF84 /* FirebaseMLModelDownloader */,
				22259F372B2A8E5A00C4BF84 /* FirebaseMessaging */,
				22259F392B2A8E5A00C4BF84 /* FirebasePerformance */,
				22259F3B2B2A8E5A00C4BF84 /* FirebaseRemoteConfig */,
				22259F3D2B2A8E5A00C4BF84 /* FirebaseRemoteConfigSwift */,
				22259F3F2B2A8E5A00C4BF84 /* FirebaseStorage */,
				22259F412B2A8E5A00C4BF84 /* FirebaseStorageCombine-Community */,
				22259F442B2A8ED300C4BF84 /* GoogleSignIn */,
				22259F462B2A8ED300C4BF84 /* GoogleSignInSwift */,
				22259F4A2B2A90CF00C4BF84 /* FirebaseAnalytics */,
				22259F4C2B2A90CF00C4BF84 /* FirebaseAnalyticsOnDeviceConversion */,
				22259F4E2B2A90CF00C4BF84 /* FirebaseAnalyticsSwift */,
				22259F502B2A90CF00C4BF84 /* FirebaseAnalyticsWithoutAdIdSupport */,
				22259F522B2A90CF00C4BF84 /* FirebaseAppCheck */,
				22259F542B2A90CF00C4BF84 /* FirebaseAppDistribution-Beta */,
				22259F562B2A90CF00C4BF84 /* FirebaseAuth */,
				22259F582B2A90CF00C4BF84 /* FirebaseAuthCombine-Community */,
				22259F5A2B2A90CF00C4BF84 /* FirebaseCrashlytics */,
				22259F5C2B2A90CF00C4BF84 /* FirebaseDatabase */,
				22259F5E2B2A90CF00C4BF84 /* FirebaseDatabaseSwift */,
				22259F602B2A90CF00C4BF84 /* FirebaseDynamicLinks */,
				22259F622B2A90CF00C4BF84 /* FirebaseFirestore */,
				22259F642B2A90CF00C4BF84 /* FirebaseFirestoreCombine-Community */,
				22259F662B2A90CF00C4BF84 /* FirebaseFirestoreSwift */,
				22259F682B2A90CF00C4BF84 /* FirebaseFunctions */,
				22259F6A2B2A90CF00C4BF84 /* FirebaseFunctionsCombine-Community */,
				22259F6C2B2A90CF00C4BF84 /* FirebaseInAppMessaging-Beta */,
				22259F6E2B2A90CF00C4BF84 /* FirebaseInAppMessagingSwift-Beta */,
				22259F702B2A90CF00C4BF84 /* FirebaseInstallations */,
				22259F722B2A90CF00C4BF84 /* FirebaseMLModelDownloader */,
				22259F742B2A90CF00C4BF84 /* FirebaseMessaging */,
				22259F762B2A90CF00C4BF84 /* FirebasePerformance */,
				22259F782B2A90CF00C4BF84 /* FirebaseRemoteConfig */,
				22259F7A2B2A90CF00C4BF84 /* FirebaseRemoteConfigSwift */,
				22259F7C2B2A90CF00C4BF84 /* FirebaseStorage */,
				22259F7E2B2A90CF00C4BF84 /* FirebaseStorageCombine-Community */,
				22259F842B2A90F600C4BF84 /* FirebaseAnalyticsSwift */,
				22259F862B2A90F600C4BF84 /* FirebaseAnalyticsWithoutAdIdSupport */,
				22259F882B2A90F600C4BF84 /* FirebaseAppCheck */,
				22A027B32B32707F00F44C68 /* YouTubePlayerKit */,
			);
			productName = Lovecook;
			productReference = 22A76EB32B03E55D0055A36D /* Lovecook.app */;
			productType = "com.apple.product-type.application";
		};
/* End PBXNativeTarget section */

/* Begin PBXProject section */
		22A76EAB2B03E55D0055A36D /* Project object */ = {
			isa = PBXProject;
			attributes = {
				BuildIndependentTargetsInParallel = 1;
				LastSwiftUpdateCheck = 1500;
				LastUpgradeCheck = 1500;
				TargetAttributes = {
					22A76EB22B03E55D0055A36D = {
						CreatedOnToolsVersion = 15.0.1;
					};
				};
			};
			buildConfigurationList = 22A76EAE2B03E55D0055A36D /* Build configuration list for PBXProject "Lovecook" */;
			compatibilityVersion = "Xcode 14.0";
			developmentRegion = en;
			hasScannedForEncodings = 0;
			knownRegions = (
				en,
				Base,
			);
			mainGroup = 22A76EAA2B03E55D0055A36D;
			packageReferences = (
				222A95BE2B0D72FA00E2AAD5 /* XCRemoteSwiftPackageReference "Kingfisher" */,
				228D52EA2B1F9DAC00C45BC9 /* XCRemoteSwiftPackageReference "lottie-spm" */,
				22259F0C2B2A8E5A00C4BF84 /* XCRemoteSwiftPackageReference "firebase-ios-sdk" */,
				22259F432B2A8ED300C4BF84 /* XCRemoteSwiftPackageReference "GoogleSignIn-iOS" */,
				22A027B22B32707F00F44C68 /* XCRemoteSwiftPackageReference "YouTubePlayerKit" */,
			);
			productRefGroup = 22A76EB42B03E55D0055A36D /* Products */;
			projectDirPath = "";
			projectRoot = "";
			targets = (
				22A76EB22B03E55D0055A36D /* Lovecook */,
			);
		};
/* End PBXProject section */

/* Begin PBXResourcesBuildPhase section */
		22A76EB12B03E55D0055A36D /* Resources */ = {
			isa = PBXResourcesBuildPhase;
			buildActionMask = 2147483647;
			files = (
				2262B7AA2B3879D60008B17E /* meal_placeholder.png in Resources */,
				228D52F42B1FA26900C45BC9 /* lottie_animation.json in Resources */,
				22FFA1592B23E02400811574 /* food_background.jpg in Resources */,
				22259F8D2B2A92AB00C4BF84 /* GoogleService-Info.plist in Resources */,
				22A76EBE2B03E55E0055A36D /* Preview Assets.xcassets in Resources */,
				22A76EBB2B03E55E0055A36D /* Assets.xcassets in Resources */,
			);
			runOnlyForDeploymentPostprocessing = 0;
		};
/* End PBXResourcesBuildPhase section */

/* Begin PBXSourcesBuildPhase section */
		22A76EAF2B03E55D0055A36D /* Sources */ = {
			isa = PBXSourcesBuildPhase;
			buildActionMask = 2147483647;
			files = (
				22A76EEB2B03F8A80055A36D /* Coordinator.swift in Sources */,
				22FFA15C2B23E35D00811574 /* AuthView.swift in Sources */,
				222A95BA2B0D6FBD00E2AAD5 /* CategoryItemView.swift in Sources */,
				222A95DB2B0EBEA300E2AAD5 /* GetMealsByCategoryUseCase.swift in Sources */,
				222A95EA2B0ECE6C00E2AAD5 /* RecipesRepository.swift in Sources */,
				22106CD02B2A95300090F25B /* AuthenticationViewModel.swift in Sources */,
				2262B7A42B38494E0008B17E /* UserFavoritesView.swift in Sources */,
				B64A931F2B42CD0500E39A2D /* FavoriteRecipe.swift in Sources */,
				228D52FF2B224E8600C45BC9 /* CategoriesResponse.swift in Sources */,
				228D53072B228B9C00C45BC9 /* RecipesViewModel.swift in Sources */,
				22B047C12B4077F00086094A /* CoreDataPersistenceController.swift in Sources */,
				222A95DF2B0EC32400E2AAD5 /* MealsByCategoryRemoteService.swift in Sources */,
				22A76ED22B03F21C0055A36D /* UserAccountView.swift in Sources */,
				228D52FA2B21509400C45BC9 /* NetworkConstants.swift in Sources */,
				22728F2C2B37C3A900C3916E /* UserNetworkImage.swift in Sources */,
				22728F232B36515100C3916E /* UserMainView.swift in Sources */,
				2262B7A62B385E3B0008B17E /* Meal.swift in Sources */,
				22A76EB92B03E55D0055A36D /* ContentView.swift in Sources */,
				22A027B12B2BE0CC00F44C68 /* MainView.swift in Sources */,
				22F366612B0CAFA3007F7E8C /* NetworkClient.swift in Sources */,
				22B047B52B3CE1C90086094A /* AuthenticationManager.swift in Sources */,
				22A76EE22B03F5B30055A36D /* URLSessionNetworkClient.swift in Sources */,
				222A95BD2B0D70E700E2AAD5 /* MealsByCategoryView.swift in Sources */,
				22728F382B37CF2800C3916E /* StorageManager.swift in Sources */,
				227930502B2B72F0006C9EDA /* CheckboxToggleStyle.swift in Sources */,
				B64A931D2B40219600E39A2D /* Photo.swift in Sources */,
				22A76EDF2B03F5620055A36D /* CategoriesRemoteService.swift in Sources */,
				22F3665F2B0CAD6C007F7E8C /* CategoriesRepository.swift in Sources */,
				22FFA1602B23E3F200811574 /* SignUpView.swift in Sources */,
				22A76EB72B03E55D0055A36D /* LovecookApp.swift in Sources */,
				22B047D32B40E0140086094A /* CDFavoriteRecipe+CoreDataClass.swift in Sources */,
				228D52F72B1FA40D00C45BC9 /* SplashView.swift in Sources */,
				222A95EC2B0ECF2600E2AAD5 /* GetRecipeUseCase.swift in Sources */,
				22106CD22B2A9DC40090F25B /* GoogleSignInButton.swift in Sources */,
				228D53052B228B8700C45BC9 /* RecipesView.swift in Sources */,
				222A95D42B0EB9D500E2AAD5 /* MealsByCategoryViewModel.swift in Sources */,
				228D52F22B1FA03900C45BC9 /* LottieView.swift in Sources */,
				22728F2F2B37C4D700C3916E /* PhotoGalleryView.swift in Sources */,
				228D53012B22827600C45BC9 /* MealsResponse.swift in Sources */,
				2262B7A82B385E5E0008B17E /* ApiMealToMealMapper.swift in Sources */,
				22728F252B378C0700C3916E /* UserFavoritesViewModel.swift in Sources */,
				222A95D82B0EBBB100E2AAD5 /* ApiRecipe.swift in Sources */,
				22728F332B37C64D00C3916E /* PhotoGalleryViewModel.swift in Sources */,
				22A76EDB2B03F4A20055A36D /* GetCategoriesUseCase.swift in Sources */,
				222A95D62B0EBB6D00E2AAD5 /* ApiMeal.swift in Sources */,
				22B047B32B3CD6090086094A /* SignUpViewModel.swift in Sources */,
				22A76ECD2B03F1F10055A36D /* CategoriesView.swift in Sources */,
				222A95E12B0EC72A00E2AAD5 /* MealItemView.swift in Sources */,
				22A76EE92B03F63C0055A36D /* Category.swift in Sources */,
				B64A93212B42D0B400E39A2D /* GetFavoriteRecipesUseCase.swift in Sources */,
				222A8FD52B27DDA700A55B65 /* RoundedCorners.swift in Sources */,
				22B047B82B3CE39F0086094A /* AuthDataResultModel.swift in Sources */,
				222A95E82B0ECDAA00E2AAD5 /* RecipesRemoteService.swift in Sources */,
				22B047BA2B3DE8A30086094A /* RemoteImageView.swift in Sources */,
				22A76EE42B03F5D60055A36D /* NetworkError.swift in Sources */,
				228D53032B2282F800C45BC9 /* RecipeResponse.swift in Sources */,
				222A8FD82B27E42A00A55B65 /* ApiRecipeToRecipeMapper.swift in Sources */,
				222A95DD2B0EC0E800E2AAD5 /* MealsByCategoryRepository.swift in Sources */,
				B64A93242B42D3FA00E39A2D /* DeleteFavoriteRecipeUseCase.swift in Sources */,
				22A76ED62B03F3B90055A36D /* CategoriesViewModel.swift in Sources */,
				22B047BC2B3F83A90086094A /* AddRecipeToFavoritesUseCase.swift in Sources */,
				22FFA15E2B23E36900811574 /* LogInView.swift in Sources */,
				22A76EC32B03E55E0055A36D /* Lovecook.xcdatamodeld in Sources */,
				22E32D2B2B286E0D003731E5 /* Recipe.swift in Sources */,
				22B047D42B40E0140086094A /* CDFavoriteRecipe+CoreDataProperties.swift in Sources */,
				22B047BE2B3F858E0086094A /* RecipesLocalService.swift in Sources */,
			);
			runOnlyForDeploymentPostprocessing = 0;
		};
/* End PBXSourcesBuildPhase section */

/* Begin XCBuildConfiguration section */
		22A76EC42B03E55E0055A36D /* Debug */ = {
			isa = XCBuildConfiguration;
			buildSettings = {
				ALWAYS_SEARCH_USER_PATHS = NO;
				ASSETCATALOG_COMPILER_GENERATE_SWIFT_ASSET_SYMBOL_EXTENSIONS = YES;
				CLANG_ANALYZER_NONNULL = YES;
				CLANG_ANALYZER_NUMBER_OBJECT_CONVERSION = YES_AGGRESSIVE;
				CLANG_CXX_LANGUAGE_STANDARD = "gnu++20";
				CLANG_ENABLE_MODULES = YES;
				CLANG_ENABLE_OBJC_ARC = YES;
				CLANG_ENABLE_OBJC_WEAK = YES;
				CLANG_WARN_BLOCK_CAPTURE_AUTORELEASING = YES;
				CLANG_WARN_BOOL_CONVERSION = YES;
				CLANG_WARN_COMMA = YES;
				CLANG_WARN_CONSTANT_CONVERSION = YES;
				CLANG_WARN_DEPRECATED_OBJC_IMPLEMENTATIONS = YES;
				CLANG_WARN_DIRECT_OBJC_ISA_USAGE = YES_ERROR;
				CLANG_WARN_DOCUMENTATION_COMMENTS = YES;
				CLANG_WARN_EMPTY_BODY = YES;
				CLANG_WARN_ENUM_CONVERSION = YES;
				CLANG_WARN_INFINITE_RECURSION = YES;
				CLANG_WARN_INT_CONVERSION = YES;
				CLANG_WARN_NON_LITERAL_NULL_CONVERSION = YES;
				CLANG_WARN_OBJC_IMPLICIT_RETAIN_SELF = YES;
				CLANG_WARN_OBJC_LITERAL_CONVERSION = YES;
				CLANG_WARN_OBJC_ROOT_CLASS = YES_ERROR;
				CLANG_WARN_QUOTED_INCLUDE_IN_FRAMEWORK_HEADER = YES;
				CLANG_WARN_RANGE_LOOP_ANALYSIS = YES;
				CLANG_WARN_STRICT_PROTOTYPES = YES;
				CLANG_WARN_SUSPICIOUS_MOVE = YES;
				CLANG_WARN_UNGUARDED_AVAILABILITY = YES_AGGRESSIVE;
				CLANG_WARN_UNREACHABLE_CODE = YES;
				CLANG_WARN__DUPLICATE_METHOD_MATCH = YES;
				COPY_PHASE_STRIP = NO;
				DEBUG_INFORMATION_FORMAT = dwarf;
				ENABLE_STRICT_OBJC_MSGSEND = YES;
				ENABLE_TESTABILITY = YES;
				ENABLE_USER_SCRIPT_SANDBOXING = YES;
				GCC_C_LANGUAGE_STANDARD = gnu17;
				GCC_DYNAMIC_NO_PIC = NO;
				GCC_NO_COMMON_BLOCKS = YES;
				GCC_OPTIMIZATION_LEVEL = 0;
				GCC_PREPROCESSOR_DEFINITIONS = (
					"DEBUG=1",
					"$(inherited)",
				);
				GCC_WARN_64_TO_32_BIT_CONVERSION = YES;
				GCC_WARN_ABOUT_RETURN_TYPE = YES_ERROR;
				GCC_WARN_UNDECLARED_SELECTOR = YES;
				GCC_WARN_UNINITIALIZED_AUTOS = YES_AGGRESSIVE;
				GCC_WARN_UNUSED_FUNCTION = YES;
				GCC_WARN_UNUSED_VARIABLE = YES;
				IPHONEOS_DEPLOYMENT_TARGET = 17.0;
				LOCALIZATION_PREFERS_STRING_CATALOGS = YES;
				MTL_ENABLE_DEBUG_INFO = INCLUDE_SOURCE;
				MTL_FAST_MATH = YES;
				ONLY_ACTIVE_ARCH = YES;
				SDKROOT = iphoneos;
				SWIFT_ACTIVE_COMPILATION_CONDITIONS = "DEBUG $(inherited)";
				SWIFT_OPTIMIZATION_LEVEL = "-Onone";
			};
			name = Debug;
		};
		22A76EC52B03E55E0055A36D /* Release */ = {
			isa = XCBuildConfiguration;
			buildSettings = {
				ALWAYS_SEARCH_USER_PATHS = NO;
				ASSETCATALOG_COMPILER_GENERATE_SWIFT_ASSET_SYMBOL_EXTENSIONS = YES;
				CLANG_ANALYZER_NONNULL = YES;
				CLANG_ANALYZER_NUMBER_OBJECT_CONVERSION = YES_AGGRESSIVE;
				CLANG_CXX_LANGUAGE_STANDARD = "gnu++20";
				CLANG_ENABLE_MODULES = YES;
				CLANG_ENABLE_OBJC_ARC = YES;
				CLANG_ENABLE_OBJC_WEAK = YES;
				CLANG_WARN_BLOCK_CAPTURE_AUTORELEASING = YES;
				CLANG_WARN_BOOL_CONVERSION = YES;
				CLANG_WARN_COMMA = YES;
				CLANG_WARN_CONSTANT_CONVERSION = YES;
				CLANG_WARN_DEPRECATED_OBJC_IMPLEMENTATIONS = YES;
				CLANG_WARN_DIRECT_OBJC_ISA_USAGE = YES_ERROR;
				CLANG_WARN_DOCUMENTATION_COMMENTS = YES;
				CLANG_WARN_EMPTY_BODY = YES;
				CLANG_WARN_ENUM_CONVERSION = YES;
				CLANG_WARN_INFINITE_RECURSION = YES;
				CLANG_WARN_INT_CONVERSION = YES;
				CLANG_WARN_NON_LITERAL_NULL_CONVERSION = YES;
				CLANG_WARN_OBJC_IMPLICIT_RETAIN_SELF = YES;
				CLANG_WARN_OBJC_LITERAL_CONVERSION = YES;
				CLANG_WARN_OBJC_ROOT_CLASS = YES_ERROR;
				CLANG_WARN_QUOTED_INCLUDE_IN_FRAMEWORK_HEADER = YES;
				CLANG_WARN_RANGE_LOOP_ANALYSIS = YES;
				CLANG_WARN_STRICT_PROTOTYPES = YES;
				CLANG_WARN_SUSPICIOUS_MOVE = YES;
				CLANG_WARN_UNGUARDED_AVAILABILITY = YES_AGGRESSIVE;
				CLANG_WARN_UNREACHABLE_CODE = YES;
				CLANG_WARN__DUPLICATE_METHOD_MATCH = YES;
				COPY_PHASE_STRIP = NO;
				DEBUG_INFORMATION_FORMAT = "dwarf-with-dsym";
				ENABLE_NS_ASSERTIONS = NO;
				ENABLE_STRICT_OBJC_MSGSEND = YES;
				ENABLE_USER_SCRIPT_SANDBOXING = YES;
				GCC_C_LANGUAGE_STANDARD = gnu17;
				GCC_NO_COMMON_BLOCKS = YES;
				GCC_WARN_64_TO_32_BIT_CONVERSION = YES;
				GCC_WARN_ABOUT_RETURN_TYPE = YES_ERROR;
				GCC_WARN_UNDECLARED_SELECTOR = YES;
				GCC_WARN_UNINITIALIZED_AUTOS = YES_AGGRESSIVE;
				GCC_WARN_UNUSED_FUNCTION = YES;
				GCC_WARN_UNUSED_VARIABLE = YES;
				IPHONEOS_DEPLOYMENT_TARGET = 17.0;
				LOCALIZATION_PREFERS_STRING_CATALOGS = YES;
				MTL_ENABLE_DEBUG_INFO = NO;
				MTL_FAST_MATH = YES;
				SDKROOT = iphoneos;
				SWIFT_COMPILATION_MODE = wholemodule;
				VALIDATE_PRODUCT = YES;
			};
			name = Release;
		};
		22A76EC72B03E55E0055A36D /* Debug */ = {
			isa = XCBuildConfiguration;
			buildSettings = {
				ASSETCATALOG_COMPILER_APPICON_NAME = AppIcon;
				ASSETCATALOG_COMPILER_GLOBAL_ACCENT_COLOR_NAME = AccentColor;
				CODE_SIGN_STYLE = Automatic;
				CURRENT_PROJECT_VERSION = 1;
				DEVELOPMENT_ASSET_PATHS = "\"Lovecook/Preview Content\"";
				DEVELOPMENT_TEAM = K865WUAKFA;
				ENABLE_PREVIEWS = YES;
				GENERATE_INFOPLIST_FILE = YES;
				INFOPLIST_FILE = Lovecook/Info.plist;
				INFOPLIST_KEY_LSApplicationCategoryType = "public.app-category.food-and-drink";
				INFOPLIST_KEY_UIApplicationSceneManifest_Generation = YES;
				INFOPLIST_KEY_UIApplicationSupportsIndirectInputEvents = YES;
				INFOPLIST_KEY_UILaunchScreen_Generation = YES;
				INFOPLIST_KEY_UISupportedInterfaceOrientations = UIInterfaceOrientationPortrait;
				LD_RUNPATH_SEARCH_PATHS = (
					"$(inherited)",
					"@executable_path/Frameworks",
				);
				MARKETING_VERSION = 1.0;
				PRODUCT_BUNDLE_IDENTIFIER = com.luridevlabs.Lovecook;
				PRODUCT_NAME = "$(TARGET_NAME)";
				SWIFT_EMIT_LOC_STRINGS = YES;
				SWIFT_VERSION = 5.0;
				TARGETED_DEVICE_FAMILY = "1,2";
			};
			name = Debug;
		};
		22A76EC82B03E55E0055A36D /* Release */ = {
			isa = XCBuildConfiguration;
			buildSettings = {
				ASSETCATALOG_COMPILER_APPICON_NAME = AppIcon;
				ASSETCATALOG_COMPILER_GLOBAL_ACCENT_COLOR_NAME = AccentColor;
				CODE_SIGN_STYLE = Automatic;
				CURRENT_PROJECT_VERSION = 1;
				DEVELOPMENT_ASSET_PATHS = "\"Lovecook/Preview Content\"";
				DEVELOPMENT_TEAM = K865WUAKFA;
				ENABLE_PREVIEWS = YES;
				GENERATE_INFOPLIST_FILE = YES;
				INFOPLIST_FILE = Lovecook/Info.plist;
				INFOPLIST_KEY_LSApplicationCategoryType = "public.app-category.food-and-drink";
				INFOPLIST_KEY_UIApplicationSceneManifest_Generation = YES;
				INFOPLIST_KEY_UIApplicationSupportsIndirectInputEvents = YES;
				INFOPLIST_KEY_UILaunchScreen_Generation = YES;
				INFOPLIST_KEY_UISupportedInterfaceOrientations = UIInterfaceOrientationPortrait;
				LD_RUNPATH_SEARCH_PATHS = (
					"$(inherited)",
					"@executable_path/Frameworks",
				);
				MARKETING_VERSION = 1.0;
				PRODUCT_BUNDLE_IDENTIFIER = com.luridevlabs.Lovecook;
				PRODUCT_NAME = "$(TARGET_NAME)";
				SWIFT_EMIT_LOC_STRINGS = YES;
				SWIFT_VERSION = 5.0;
				TARGETED_DEVICE_FAMILY = "1,2";
			};
			name = Release;
		};
/* End XCBuildConfiguration section */

/* Begin XCConfigurationList section */
		22A76EAE2B03E55D0055A36D /* Build configuration list for PBXProject "Lovecook" */ = {
			isa = XCConfigurationList;
			buildConfigurations = (
				22A76EC42B03E55E0055A36D /* Debug */,
				22A76EC52B03E55E0055A36D /* Release */,
			);
			defaultConfigurationIsVisible = 0;
			defaultConfigurationName = Release;
		};
		22A76EC62B03E55E0055A36D /* Build configuration list for PBXNativeTarget "Lovecook" */ = {
			isa = XCConfigurationList;
			buildConfigurations = (
				22A76EC72B03E55E0055A36D /* Debug */,
				22A76EC82B03E55E0055A36D /* Release */,
			);
			defaultConfigurationIsVisible = 0;
			defaultConfigurationName = Release;
		};
/* End XCConfigurationList section */

/* Begin XCRemoteSwiftPackageReference section */
		22259F0C2B2A8E5A00C4BF84 /* XCRemoteSwiftPackageReference "firebase-ios-sdk" */ = {
			isa = XCRemoteSwiftPackageReference;
			repositoryURL = "https://github.com/firebase/firebase-ios-sdk";
			requirement = {
				kind = upToNextMajorVersion;
				minimumVersion = 10.19.1;
			};
		};
		22259F432B2A8ED300C4BF84 /* XCRemoteSwiftPackageReference "GoogleSignIn-iOS" */ = {
			isa = XCRemoteSwiftPackageReference;
			repositoryURL = "https://github.com/google/GoogleSignIn-iOS";
			requirement = {
				kind = upToNextMajorVersion;
				minimumVersion = 7.0.0;
			};
		};
		222A95BE2B0D72FA00E2AAD5 /* XCRemoteSwiftPackageReference "Kingfisher" */ = {
			isa = XCRemoteSwiftPackageReference;
			repositoryURL = "https://github.com/onevcat/Kingfisher.git";
			requirement = {
				kind = upToNextMajorVersion;
				minimumVersion = 7.10.0;
			};
		};
		228D52EA2B1F9DAC00C45BC9 /* XCRemoteSwiftPackageReference "lottie-spm" */ = {
			isa = XCRemoteSwiftPackageReference;
			repositoryURL = "https://github.com/airbnb/lottie-spm.git";
			requirement = {
				kind = upToNextMajorVersion;
				minimumVersion = 4.3.4;
			};
		};
		22A027B22B32707F00F44C68 /* XCRemoteSwiftPackageReference "YouTubePlayerKit" */ = {
			isa = XCRemoteSwiftPackageReference;
			repositoryURL = "https://github.com/SvenTiigi/YouTubePlayerKit.git";
			requirement = {
				kind = upToNextMajorVersion;
				minimumVersion = 1.5.4;
			};
		};
/* End XCRemoteSwiftPackageReference section */

/* Begin XCSwiftPackageProductDependency section */
		22259F0F2B2A8E5A00C4BF84 /* FirebaseAnalyticsOnDeviceConversion */ = {
			isa = XCSwiftPackageProductDependency;
			package = 22259F0C2B2A8E5A00C4BF84 /* XCRemoteSwiftPackageReference "firebase-ios-sdk" */;
			productName = FirebaseAnalyticsOnDeviceConversion;
		};
		22259F112B2A8E5A00C4BF84 /* FirebaseAnalyticsSwift */ = {
			isa = XCSwiftPackageProductDependency;
			package = 22259F0C2B2A8E5A00C4BF84 /* XCRemoteSwiftPackageReference "firebase-ios-sdk" */;
			productName = FirebaseAnalyticsSwift;
		};
		22259F152B2A8E5A00C4BF84 /* FirebaseAppCheck */ = {
			isa = XCSwiftPackageProductDependency;
			package = 22259F0C2B2A8E5A00C4BF84 /* XCRemoteSwiftPackageReference "firebase-ios-sdk" */;
			productName = FirebaseAppCheck;
		};
		22259F172B2A8E5A00C4BF84 /* FirebaseAppDistribution-Beta */ = {
			isa = XCSwiftPackageProductDependency;
			package = 22259F0C2B2A8E5A00C4BF84 /* XCRemoteSwiftPackageReference "firebase-ios-sdk" */;
			productName = "FirebaseAppDistribution-Beta";
		};
		22259F192B2A8E5A00C4BF84 /* FirebaseAuth */ = {
			isa = XCSwiftPackageProductDependency;
			package = 22259F0C2B2A8E5A00C4BF84 /* XCRemoteSwiftPackageReference "firebase-ios-sdk" */;
			productName = FirebaseAuth;
		};
		22259F1B2B2A8E5A00C4BF84 /* FirebaseAuthCombine-Community */ = {
			isa = XCSwiftPackageProductDependency;
			package = 22259F0C2B2A8E5A00C4BF84 /* XCRemoteSwiftPackageReference "firebase-ios-sdk" */;
			productName = "FirebaseAuthCombine-Community";
		};
		22259F1D2B2A8E5A00C4BF84 /* FirebaseCrashlytics */ = {
			isa = XCSwiftPackageProductDependency;
			package = 22259F0C2B2A8E5A00C4BF84 /* XCRemoteSwiftPackageReference "firebase-ios-sdk" */;
			productName = FirebaseCrashlytics;
		};
		22259F1F2B2A8E5A00C4BF84 /* FirebaseDatabase */ = {
			isa = XCSwiftPackageProductDependency;
			package = 22259F0C2B2A8E5A00C4BF84 /* XCRemoteSwiftPackageReference "firebase-ios-sdk" */;
			productName = FirebaseDatabase;
		};
		22259F212B2A8E5A00C4BF84 /* FirebaseDatabaseSwift */ = {
			isa = XCSwiftPackageProductDependency;
			package = 22259F0C2B2A8E5A00C4BF84 /* XCRemoteSwiftPackageReference "firebase-ios-sdk" */;
			productName = FirebaseDatabaseSwift;
		};
		22259F232B2A8E5A00C4BF84 /* FirebaseDynamicLinks */ = {
			isa = XCSwiftPackageProductDependency;
			package = 22259F0C2B2A8E5A00C4BF84 /* XCRemoteSwiftPackageReference "firebase-ios-sdk" */;
			productName = FirebaseDynamicLinks;
		};
		22259F252B2A8E5A00C4BF84 /* FirebaseFirestore */ = {
			isa = XCSwiftPackageProductDependency;
			package = 22259F0C2B2A8E5A00C4BF84 /* XCRemoteSwiftPackageReference "firebase-ios-sdk" */;
			productName = FirebaseFirestore;
		};
		22259F272B2A8E5A00C4BF84 /* FirebaseFirestoreCombine-Community */ = {
			isa = XCSwiftPackageProductDependency;
			package = 22259F0C2B2A8E5A00C4BF84 /* XCRemoteSwiftPackageReference "firebase-ios-sdk" */;
			productName = "FirebaseFirestoreCombine-Community";
		};
		22259F292B2A8E5A00C4BF84 /* FirebaseFirestoreSwift */ = {
			isa = XCSwiftPackageProductDependency;
			package = 22259F0C2B2A8E5A00C4BF84 /* XCRemoteSwiftPackageReference "firebase-ios-sdk" */;
			productName = FirebaseFirestoreSwift;
		};
		22259F2B2B2A8E5A00C4BF84 /* FirebaseFunctions */ = {
			isa = XCSwiftPackageProductDependency;
			package = 22259F0C2B2A8E5A00C4BF84 /* XCRemoteSwiftPackageReference "firebase-ios-sdk" */;
			productName = FirebaseFunctions;
		};
		22259F2D2B2A8E5A00C4BF84 /* FirebaseFunctionsCombine-Community */ = {
			isa = XCSwiftPackageProductDependency;
			package = 22259F0C2B2A8E5A00C4BF84 /* XCRemoteSwiftPackageReference "firebase-ios-sdk" */;
			productName = "FirebaseFunctionsCombine-Community";
		};
		22259F2F2B2A8E5A00C4BF84 /* FirebaseInAppMessaging-Beta */ = {
			isa = XCSwiftPackageProductDependency;
			package = 22259F0C2B2A8E5A00C4BF84 /* XCRemoteSwiftPackageReference "firebase-ios-sdk" */;
			productName = "FirebaseInAppMessaging-Beta";
		};
		22259F312B2A8E5A00C4BF84 /* FirebaseInAppMessagingSwift-Beta */ = {
			isa = XCSwiftPackageProductDependency;
			package = 22259F0C2B2A8E5A00C4BF84 /* XCRemoteSwiftPackageReference "firebase-ios-sdk" */;
			productName = "FirebaseInAppMessagingSwift-Beta";
		};
		22259F332B2A8E5A00C4BF84 /* FirebaseInstallations */ = {
			isa = XCSwiftPackageProductDependency;
			package = 22259F0C2B2A8E5A00C4BF84 /* XCRemoteSwiftPackageReference "firebase-ios-sdk" */;
			productName = FirebaseInstallations;
		};
		22259F352B2A8E5A00C4BF84 /* FirebaseMLModelDownloader */ = {
			isa = XCSwiftPackageProductDependency;
			package = 22259F0C2B2A8E5A00C4BF84 /* XCRemoteSwiftPackageReference "firebase-ios-sdk" */;
			productName = FirebaseMLModelDownloader;
		};
		22259F372B2A8E5A00C4BF84 /* FirebaseMessaging */ = {
			isa = XCSwiftPackageProductDependency;
			package = 22259F0C2B2A8E5A00C4BF84 /* XCRemoteSwiftPackageReference "firebase-ios-sdk" */;
			productName = FirebaseMessaging;
		};
		22259F392B2A8E5A00C4BF84 /* FirebasePerformance */ = {
			isa = XCSwiftPackageProductDependency;
			package = 22259F0C2B2A8E5A00C4BF84 /* XCRemoteSwiftPackageReference "firebase-ios-sdk" */;
			productName = FirebasePerformance;
		};
		22259F3B2B2A8E5A00C4BF84 /* FirebaseRemoteConfig */ = {
			isa = XCSwiftPackageProductDependency;
			package = 22259F0C2B2A8E5A00C4BF84 /* XCRemoteSwiftPackageReference "firebase-ios-sdk" */;
			productName = FirebaseRemoteConfig;
		};
		22259F3D2B2A8E5A00C4BF84 /* FirebaseRemoteConfigSwift */ = {
			isa = XCSwiftPackageProductDependency;
			package = 22259F0C2B2A8E5A00C4BF84 /* XCRemoteSwiftPackageReference "firebase-ios-sdk" */;
			productName = FirebaseRemoteConfigSwift;
		};
		22259F3F2B2A8E5A00C4BF84 /* FirebaseStorage */ = {
			isa = XCSwiftPackageProductDependency;
			package = 22259F0C2B2A8E5A00C4BF84 /* XCRemoteSwiftPackageReference "firebase-ios-sdk" */;
			productName = FirebaseStorage;
		};
		22259F412B2A8E5A00C4BF84 /* FirebaseStorageCombine-Community */ = {
			isa = XCSwiftPackageProductDependency;
			package = 22259F0C2B2A8E5A00C4BF84 /* XCRemoteSwiftPackageReference "firebase-ios-sdk" */;
			productName = "FirebaseStorageCombine-Community";
		};
		22259F442B2A8ED300C4BF84 /* GoogleSignIn */ = {
			isa = XCSwiftPackageProductDependency;
			package = 22259F432B2A8ED300C4BF84 /* XCRemoteSwiftPackageReference "GoogleSignIn-iOS" */;
			productName = GoogleSignIn;
		};
		22259F462B2A8ED300C4BF84 /* GoogleSignInSwift */ = {
			isa = XCSwiftPackageProductDependency;
			package = 22259F432B2A8ED300C4BF84 /* XCRemoteSwiftPackageReference "GoogleSignIn-iOS" */;
			productName = GoogleSignInSwift;
		};
		22259F4A2B2A90CF00C4BF84 /* FirebaseAnalytics */ = {
			isa = XCSwiftPackageProductDependency;
			package = 22259F0C2B2A8E5A00C4BF84 /* XCRemoteSwiftPackageReference "firebase-ios-sdk" */;
			productName = FirebaseAnalytics;
		};
		22259F4C2B2A90CF00C4BF84 /* FirebaseAnalyticsOnDeviceConversion */ = {
			isa = XCSwiftPackageProductDependency;
			package = 22259F0C2B2A8E5A00C4BF84 /* XCRemoteSwiftPackageReference "firebase-ios-sdk" */;
			productName = FirebaseAnalyticsOnDeviceConversion;
		};
		22259F4E2B2A90CF00C4BF84 /* FirebaseAnalyticsSwift */ = {
			isa = XCSwiftPackageProductDependency;
			package = 22259F0C2B2A8E5A00C4BF84 /* XCRemoteSwiftPackageReference "firebase-ios-sdk" */;
			productName = FirebaseAnalyticsSwift;
		};
		22259F502B2A90CF00C4BF84 /* FirebaseAnalyticsWithoutAdIdSupport */ = {
			isa = XCSwiftPackageProductDependency;
			package = 22259F0C2B2A8E5A00C4BF84 /* XCRemoteSwiftPackageReference "firebase-ios-sdk" */;
			productName = FirebaseAnalyticsWithoutAdIdSupport;
		};
		22259F522B2A90CF00C4BF84 /* FirebaseAppCheck */ = {
			isa = XCSwiftPackageProductDependency;
			package = 22259F0C2B2A8E5A00C4BF84 /* XCRemoteSwiftPackageReference "firebase-ios-sdk" */;
			productName = FirebaseAppCheck;
		};
		22259F542B2A90CF00C4BF84 /* FirebaseAppDistribution-Beta */ = {
			isa = XCSwiftPackageProductDependency;
			package = 22259F0C2B2A8E5A00C4BF84 /* XCRemoteSwiftPackageReference "firebase-ios-sdk" */;
			productName = "FirebaseAppDistribution-Beta";
		};
		22259F562B2A90CF00C4BF84 /* FirebaseAuth */ = {
			isa = XCSwiftPackageProductDependency;
			package = 22259F0C2B2A8E5A00C4BF84 /* XCRemoteSwiftPackageReference "firebase-ios-sdk" */;
			productName = FirebaseAuth;
		};
		22259F582B2A90CF00C4BF84 /* FirebaseAuthCombine-Community */ = {
			isa = XCSwiftPackageProductDependency;
			package = 22259F0C2B2A8E5A00C4BF84 /* XCRemoteSwiftPackageReference "firebase-ios-sdk" */;
			productName = "FirebaseAuthCombine-Community";
		};
		22259F5A2B2A90CF00C4BF84 /* FirebaseCrashlytics */ = {
			isa = XCSwiftPackageProductDependency;
			package = 22259F0C2B2A8E5A00C4BF84 /* XCRemoteSwiftPackageReference "firebase-ios-sdk" */;
			productName = FirebaseCrashlytics;
		};
		22259F5C2B2A90CF00C4BF84 /* FirebaseDatabase */ = {
			isa = XCSwiftPackageProductDependency;
			package = 22259F0C2B2A8E5A00C4BF84 /* XCRemoteSwiftPackageReference "firebase-ios-sdk" */;
			productName = FirebaseDatabase;
		};
		22259F5E2B2A90CF00C4BF84 /* FirebaseDatabaseSwift */ = {
			isa = XCSwiftPackageProductDependency;
			package = 22259F0C2B2A8E5A00C4BF84 /* XCRemoteSwiftPackageReference "firebase-ios-sdk" */;
			productName = FirebaseDatabaseSwift;
		};
		22259F602B2A90CF00C4BF84 /* FirebaseDynamicLinks */ = {
			isa = XCSwiftPackageProductDependency;
			package = 22259F0C2B2A8E5A00C4BF84 /* XCRemoteSwiftPackageReference "firebase-ios-sdk" */;
			productName = FirebaseDynamicLinks;
		};
		22259F622B2A90CF00C4BF84 /* FirebaseFirestore */ = {
			isa = XCSwiftPackageProductDependency;
			package = 22259F0C2B2A8E5A00C4BF84 /* XCRemoteSwiftPackageReference "firebase-ios-sdk" */;
			productName = FirebaseFirestore;
		};
		22259F642B2A90CF00C4BF84 /* FirebaseFirestoreCombine-Community */ = {
			isa = XCSwiftPackageProductDependency;
			package = 22259F0C2B2A8E5A00C4BF84 /* XCRemoteSwiftPackageReference "firebase-ios-sdk" */;
			productName = "FirebaseFirestoreCombine-Community";
		};
		22259F662B2A90CF00C4BF84 /* FirebaseFirestoreSwift */ = {
			isa = XCSwiftPackageProductDependency;
			package = 22259F0C2B2A8E5A00C4BF84 /* XCRemoteSwiftPackageReference "firebase-ios-sdk" */;
			productName = FirebaseFirestoreSwift;
		};
		22259F682B2A90CF00C4BF84 /* FirebaseFunctions */ = {
			isa = XCSwiftPackageProductDependency;
			package = 22259F0C2B2A8E5A00C4BF84 /* XCRemoteSwiftPackageReference "firebase-ios-sdk" */;
			productName = FirebaseFunctions;
		};
		22259F6A2B2A90CF00C4BF84 /* FirebaseFunctionsCombine-Community */ = {
			isa = XCSwiftPackageProductDependency;
			package = 22259F0C2B2A8E5A00C4BF84 /* XCRemoteSwiftPackageReference "firebase-ios-sdk" */;
			productName = "FirebaseFunctionsCombine-Community";
		};
		22259F6C2B2A90CF00C4BF84 /* FirebaseInAppMessaging-Beta */ = {
			isa = XCSwiftPackageProductDependency;
			package = 22259F0C2B2A8E5A00C4BF84 /* XCRemoteSwiftPackageReference "firebase-ios-sdk" */;
			productName = "FirebaseInAppMessaging-Beta";
		};
		22259F6E2B2A90CF00C4BF84 /* FirebaseInAppMessagingSwift-Beta */ = {
			isa = XCSwiftPackageProductDependency;
			package = 22259F0C2B2A8E5A00C4BF84 /* XCRemoteSwiftPackageReference "firebase-ios-sdk" */;
			productName = "FirebaseInAppMessagingSwift-Beta";
		};
		22259F702B2A90CF00C4BF84 /* FirebaseInstallations */ = {
			isa = XCSwiftPackageProductDependency;
			package = 22259F0C2B2A8E5A00C4BF84 /* XCRemoteSwiftPackageReference "firebase-ios-sdk" */;
			productName = FirebaseInstallations;
		};
		22259F722B2A90CF00C4BF84 /* FirebaseMLModelDownloader */ = {
			isa = XCSwiftPackageProductDependency;
			package = 22259F0C2B2A8E5A00C4BF84 /* XCRemoteSwiftPackageReference "firebase-ios-sdk" */;
			productName = FirebaseMLModelDownloader;
		};
		22259F742B2A90CF00C4BF84 /* FirebaseMessaging */ = {
			isa = XCSwiftPackageProductDependency;
			package = 22259F0C2B2A8E5A00C4BF84 /* XCRemoteSwiftPackageReference "firebase-ios-sdk" */;
			productName = FirebaseMessaging;
		};
		22259F762B2A90CF00C4BF84 /* FirebasePerformance */ = {
			isa = XCSwiftPackageProductDependency;
			package = 22259F0C2B2A8E5A00C4BF84 /* XCRemoteSwiftPackageReference "firebase-ios-sdk" */;
			productName = FirebasePerformance;
		};
		22259F782B2A90CF00C4BF84 /* FirebaseRemoteConfig */ = {
			isa = XCSwiftPackageProductDependency;
			package = 22259F0C2B2A8E5A00C4BF84 /* XCRemoteSwiftPackageReference "firebase-ios-sdk" */;
			productName = FirebaseRemoteConfig;
		};
		22259F7A2B2A90CF00C4BF84 /* FirebaseRemoteConfigSwift */ = {
			isa = XCSwiftPackageProductDependency;
			package = 22259F0C2B2A8E5A00C4BF84 /* XCRemoteSwiftPackageReference "firebase-ios-sdk" */;
			productName = FirebaseRemoteConfigSwift;
		};
		22259F7C2B2A90CF00C4BF84 /* FirebaseStorage */ = {
			isa = XCSwiftPackageProductDependency;
			package = 22259F0C2B2A8E5A00C4BF84 /* XCRemoteSwiftPackageReference "firebase-ios-sdk" */;
			productName = FirebaseStorage;
		};
		22259F7E2B2A90CF00C4BF84 /* FirebaseStorageCombine-Community */ = {
			isa = XCSwiftPackageProductDependency;
			package = 22259F0C2B2A8E5A00C4BF84 /* XCRemoteSwiftPackageReference "firebase-ios-sdk" */;
			productName = "FirebaseStorageCombine-Community";
		};
		22259F842B2A90F600C4BF84 /* FirebaseAnalyticsSwift */ = {
			isa = XCSwiftPackageProductDependency;
			package = 22259F0C2B2A8E5A00C4BF84 /* XCRemoteSwiftPackageReference "firebase-ios-sdk" */;
			productName = FirebaseAnalyticsSwift;
		};
		22259F862B2A90F600C4BF84 /* FirebaseAnalyticsWithoutAdIdSupport */ = {
			isa = XCSwiftPackageProductDependency;
			package = 22259F0C2B2A8E5A00C4BF84 /* XCRemoteSwiftPackageReference "firebase-ios-sdk" */;
			productName = FirebaseAnalyticsWithoutAdIdSupport;
		};
		22259F882B2A90F600C4BF84 /* FirebaseAppCheck */ = {
			isa = XCSwiftPackageProductDependency;
			package = 22259F0C2B2A8E5A00C4BF84 /* XCRemoteSwiftPackageReference "firebase-ios-sdk" */;
			productName = FirebaseAppCheck;
		};
		222A95BF2B0D72FA00E2AAD5 /* Kingfisher */ = {
			isa = XCSwiftPackageProductDependency;
			package = 222A95BE2B0D72FA00E2AAD5 /* XCRemoteSwiftPackageReference "Kingfisher" */;
			productName = Kingfisher;
		};
		222A95C12B0D731700E2AAD5 /* Kingfisher */ = {
			isa = XCSwiftPackageProductDependency;
			package = 222A95BE2B0D72FA00E2AAD5 /* XCRemoteSwiftPackageReference "Kingfisher" */;
			productName = Kingfisher;
		};
		222A95C32B0D739500E2AAD5 /* Kingfisher */ = {
			isa = XCSwiftPackageProductDependency;
			package = 222A95BE2B0D72FA00E2AAD5 /* XCRemoteSwiftPackageReference "Kingfisher" */;
			productName = Kingfisher;
		};
		222A95C72B0D745000E2AAD5 /* Kingfisher */ = {
			isa = XCSwiftPackageProductDependency;
			package = 222A95BE2B0D72FA00E2AAD5 /* XCRemoteSwiftPackageReference "Kingfisher" */;
			productName = Kingfisher;
		};
		222A95CA2B0D753500E2AAD5 /* Kingfisher */ = {
			isa = XCSwiftPackageProductDependency;
			package = 222A95BE2B0D72FA00E2AAD5 /* XCRemoteSwiftPackageReference "Kingfisher" */;
			productName = Kingfisher;
		};
		228D52EB2B1F9DAC00C45BC9 /* Lottie */ = {
			isa = XCSwiftPackageProductDependency;
			package = 228D52EA2B1F9DAC00C45BC9 /* XCRemoteSwiftPackageReference "lottie-spm" */;
			productName = Lottie;
		};
		22A027B32B32707F00F44C68 /* YouTubePlayerKit */ = {
			isa = XCSwiftPackageProductDependency;
			package = 22A027B22B32707F00F44C68 /* XCRemoteSwiftPackageReference "YouTubePlayerKit" */;
			productName = YouTubePlayerKit;
		};
/* End XCSwiftPackageProductDependency section */

/* Begin XCVersionGroup section */
		22A76EC12B03E55E0055A36D /* Lovecook.xcdatamodeld */ = {
			isa = XCVersionGroup;
			children = (
				22A76EC22B03E55E0055A36D /* Lovecook.xcdatamodel */,
			);
			currentVersion = 22A76EC22B03E55E0055A36D /* Lovecook.xcdatamodel */;
			path = Lovecook.xcdatamodeld;
			sourceTree = "<group>";
			versionGroupType = wrapper.xcdatamodel;
		};
/* End XCVersionGroup section */
	};
	rootObject = 22A76EAB2B03E55D0055A36D /* Project object */;
}
